// !$*UTF8*$!
{
	archiveVersion = 1;
	classes = {
	};
	objectVersion = 77;
	objects = {

/* Begin PBXBuildFile section */
		0080A4E22D04490300EEFEA2 /* AppDelegate.swift in Sources */ = {isa = PBXBuildFile; fileRef = 0080A4DB2D04490300EEFEA2 /* AppDelegate.swift */; };
		0080A4E32D04490300EEFEA2 /* ViewController.swift in Sources */ = {isa = PBXBuildFile; fileRef = 0080A4DF2D04490300EEFEA2 /* ViewController.swift */; };
		0080A4E42D04490300EEFEA2 /* Assets.xcassets in Resources */ = {isa = PBXBuildFile; fileRef = 0080A4DC2D04490300EEFEA2 /* Assets.xcassets */; };
		0080A4E52D04490300EEFEA2 /* Main.storyboard in Resources */ = {isa = PBXBuildFile; fileRef = 0080A4DE2D04490300EEFEA2 /* Main.storyboard */; };
		0080A4EC2D044A8E00EEFEA2 /* NSView+Frame.swift in Sources */ = {isa = PBXBuildFile; fileRef = 0080A4E92D04493500EEFEA2 /* NSView+Frame.swift */; };
		00A0F9B12D1872180043E075 /* NSControl+Category.swift in Sources */ = {isa = PBXBuildFile; fileRef = 00A0F9B02D1872180043E075 /* NSControl+Category.swift */; };
		00A0F9B32D1875980043E075 /* NSColor+Category.swift in Sources */ = {isa = PBXBuildFile; fileRef = 00A0F9B22D1875980043E075 /* NSColor+Category.swift */; };
		00A0F9B52D18EC1C0043E075 /* NSButton+Category.swift in Sources */ = {isa = PBXBuildFile; fileRef = 00A0F9B42D18EC1C0043E075 /* NSButton+Category.swift */; };
		00A0F9B72D18FC360043E075 /* NSResponder+Category.swift in Sources */ = {isa = PBXBuildFile; fileRef = 00A0F9B62D18FC360043E075 /* NSResponder+Category.swift */; };
		00A0F9B92D19AE400043E075 /* NSImageView+Category.swift in Sources */ = {isa = PBXBuildFile; fileRef = 00A0F9B82D19AE400043E075 /* NSImageView+Category.swift */; };
		00A0F9BB2D19B09E0043E075 /* NSScreen+Category.swift in Sources */ = {isa = PBXBuildFile; fileRef = 00A0F9BA2D19B09E0043E075 /* NSScreen+Category.swift */; };
		00A0F9BD2D19B40F0043E075 /* NSWindow+Frame.swift in Sources */ = {isa = PBXBuildFile; fileRef = 00A0F9BC2D19B40F0043E075 /* NSWindow+Frame.swift */; };
		00A0F9BF2D19B41E0043E075 /* NSWindow+Category.swift in Sources */ = {isa = PBXBuildFile; fileRef = 00A0F9BE2D19B41E0043E075 /* NSWindow+Category.swift */; };
		00A0F9C12D19B9430043E075 /* NSTextField+Category.swift in Sources */ = {isa = PBXBuildFile; fileRef = 00A0F9C02D19B9430043E075 /* NSTextField+Category.swift */; };
		00A0F9C32D19BB870043E075 /* NSImage+Category.swift in Sources */ = {isa = PBXBuildFile; fileRef = 00A0F9C22D19BB870043E075 /* NSImage+Category.swift */; };
		00A0F9C52D1A489F0043E075 /* NSAlert+Category.swift in Sources */ = {isa = PBXBuildFile; fileRef = 00A0F9C42D1A489F0043E075 /* NSAlert+Category.swift */; };
		00A0F9C82D1A673E0043E075 /* Async.swift in Sources */ = {isa = PBXBuildFile; fileRef = 00A0F9C72D1A673E0043E075 /* Async.swift */; };
		00A0F9CA2D1A7DA10043E075 /* String+Secret.swift in Sources */ = {isa = PBXBuildFile; fileRef = 00A0F9C92D1A7DA10043E075 /* String+Secret.swift */; };
		00A0F9CC2D1A7DB80043E075 /* String+Predicate.swift in Sources */ = {isa = PBXBuildFile; fileRef = 00A0F9CB2D1A7DB80043E075 /* String+Predicate.swift */; };
		00A0F9CE2D1A7DC80043E075 /* String+Category.swift in Sources */ = {isa = PBXBuildFile; fileRef = 00A0F9CD2D1A7DC80043E075 /* String+Category.swift */; };
		00A0F9D02D1BE9B00043E075 /* NSDate+Category.swift in Sources */ = {isa = PBXBuildFile; fileRef = 00A0F9CF2D1BE9B00043E075 /* NSDate+Category.swift */; };
		00B79ADC2D1415AB00DAE137 /* YLLanguage.strings in Resources */ = {isa = PBXBuildFile; fileRef = 00B79A1E2D1415AA00DAE137 /* YLLanguage.strings */; };
		00B79ADD2D1415AB00DAE137 /* MAShortcutLocalizable.strings in Resources */ = {isa = PBXBuildFile; fileRef = 00B79A992D1415AA00DAE137 /* MAShortcutLocalizable.strings */; };
		00B79ADE2D1415AB00DAE137 /* YLPermissionManager.bundle in Resources */ = {isa = PBXBuildFile; fileRef = 00B79A2B2D1415AA00DAE137 /* YLPermissionManager.bundle */; };
		00B79ADF2D1415AB00DAE137 /* YLUpdateManager.strings in Resources */ = {isa = PBXBuildFile; fileRef = 00B799FB2D1415AA00DAE137 /* YLUpdateManager.strings */; };
		00B79AE02D1415AB00DAE137 /* YLShortcutView.bundle in Resources */ = {isa = PBXBuildFile; fileRef = 00B79A7F2D1415AA00DAE137 /* YLShortcutView.bundle */; };
		00B79AE12D1415AB00DAE137 /* YLAppleScript.strings in Resources */ = {isa = PBXBuildFile; fileRef = 00B79A4F2D1415AA00DAE137 /* YLAppleScript.strings */; };
		00B79AE22D1415AB00DAE137 /* YLHud.bundle in Resources */ = {isa = PBXBuildFile; fileRef = 00B79A092D1415AA00DAE137 /* YLHud.bundle */; };
		00B79AE32D1415AB00DAE137 /* YLFileAccess.strings in Resources */ = {isa = PBXBuildFile; fileRef = 00B799E92D1415AA00DAE137 /* YLFileAccess.strings */; };
		00B79AE42D1415AB00DAE137 /* YLShortcutView.strings in Resources */ = {isa = PBXBuildFile; fileRef = 00B79A892D1415AA00DAE137 /* YLShortcutView.strings */; };
		00B79AE52D1415AB00DAE137 /* YLPermissionManager.strings in Resources */ = {isa = PBXBuildFile; fileRef = 00B79A352D1415AA00DAE137 /* YLPermissionManager.strings */; };
		00B79AE62D1415AB00DAE137 /* MASShortcutViewButtonCell.m in Sources */ = {isa = PBXBuildFile; fileRef = 00B79A6B2D1415AA00DAE137 /* MASShortcutViewButtonCell.m */; };
		00B79AE92D1415AB00DAE137 /* YLUpdateViewController.m in Sources */ = {isa = PBXBuildFile; fileRef = 00B799F12D1415AA00DAE137 /* YLUpdateViewController.m */; };
		00B79AED2D1415AB00DAE137 /* YLCFNotificationManager.m in Sources */ = {isa = PBXBuildFile; fileRef = 00B79A422D1415AA00DAE137 /* YLCFNotificationManager.m */; };
		00B79AEE2D1415AB00DAE137 /* Macro.swift in Sources */ = {isa = PBXBuildFile; fileRef = 00B79AB42D1415AA00DAE137 /* Macro.swift */; };
		00B79AEF2D1415AB00DAE137 /* MASLocalization.m in Sources */ = {isa = PBXBuildFile; fileRef = 00B79A652D1415AA00DAE137 /* MASLocalization.m */; };
		00B79AF02D1415AB00DAE137 /* YLFileAccess.m in Sources */ = {isa = PBXBuildFile; fileRef = 00B799DF2D1415AA00DAE137 /* YLFileAccess.m */; };
		00B79AF22D1415AB00DAE137 /* YLShortcutView.m in Sources */ = {isa = PBXBuildFile; fileRef = 00B79A7C2D1415AA00DAE137 /* YLShortcutView.m */; };
		00B79AF32D1415AB00DAE137 /* XcodeLog.m in Sources */ = {isa = PBXBuildFile; fileRef = 00B79AB62D1415AA00DAE137 /* XcodeLog.m */; };
		00B79AF42D1415AB00DAE137 /* YLShortcutManager.m in Sources */ = {isa = PBXBuildFile; fileRef = 00B79A7A2D1415AA00DAE137 /* YLShortcutManager.m */; };
		00B79AF82D1415AB00DAE137 /* YLPermissionWindowController.m in Sources */ = {isa = PBXBuildFile; fileRef = 00B79A242D1415AA00DAE137 /* YLPermissionWindowController.m */; };
		00B79AFA2D1415AB00DAE137 /* MASShortcutMonitor.m in Sources */ = {isa = PBXBuildFile; fileRef = 00B79A702D1415AA00DAE137 /* MASShortcutMonitor.m */; };
		00B79AFD2D1415AB00DAE137 /* MASShortcutBinder.m in Sources */ = {isa = PBXBuildFile; fileRef = 00B79A622D1415AA00DAE137 /* MASShortcutBinder.m */; };
		00B79AFE2D1415AB00DAE137 /* YLUpdateManager.m in Sources */ = {isa = PBXBuildFile; fileRef = 00B799ED2D1415AA00DAE137 /* YLUpdateManager.m */; };
		00B79B032D1415AB00DAE137 /* YLHudConfig.m in Sources */ = {isa = PBXBuildFile; fileRef = 00B79A042D1415AA00DAE137 /* YLHudConfig.m */; };
		00B79B042D1415AB00DAE137 /* MASDictionaryTransformer.m in Sources */ = {isa = PBXBuildFile; fileRef = 00B79A602D1415AA00DAE137 /* MASDictionaryTransformer.m */; };
		00B79B062D1415AB00DAE137 /* MASHotKey.m in Sources */ = {isa = PBXBuildFile; fileRef = 00B79A6E2D1415AA00DAE137 /* MASHotKey.m */; };
		00B79B072D1415AB00DAE137 /* YLHudProgressView.m in Sources */ = {isa = PBXBuildFile; fileRef = 00B79A082D1415AA00DAE137 /* YLHudProgressView.m */; };
		00B79B082D1415AB00DAE137 /* YLPermissionItem.m in Sources */ = {isa = PBXBuildFile; fileRef = 00B79A282D1415AA00DAE137 /* YLPermissionItem.m */; };
		00B79B0B2D1415AB00DAE137 /* YLShortcutConfig.m in Sources */ = {isa = PBXBuildFile; fileRef = 00B79A7E2D1415AA00DAE137 /* YLShortcutConfig.m */; };
		00B79B0F2D1415AB00DAE137 /* AppSandboxFileAccess.m in Sources */ = {isa = PBXBuildFile; fileRef = 00B799D82D1415AA00DAE137 /* AppSandboxFileAccess.m */; };
		00B79B112D1415AB00DAE137 /* AppSandboxFileAccessPersist.m in Sources */ = {isa = PBXBuildFile; fileRef = 00B799DC2D1415AA00DAE137 /* AppSandboxFileAccessPersist.m */; };
		00B79B132D1415AB00DAE137 /* YLPermissionViewController.m in Sources */ = {isa = PBXBuildFile; fileRef = 00B79A262D1415AA00DAE137 /* YLPermissionViewController.m */; };
		00B79B142D1415AB00DAE137 /* MASShortcutValidator.m in Sources */ = {isa = PBXBuildFile; fileRef = 00B79A762D1415AA00DAE137 /* MASShortcutValidator.m */; };
		00B79B152D1415AB00DAE137 /* YLCollectionView.m in Sources */ = {isa = PBXBuildFile; fileRef = 00B79A562D1415AA00DAE137 /* YLCollectionView.m */; };
		00B79B172D1415AB00DAE137 /* MASShortcut.m in Sources */ = {isa = PBXBuildFile; fileRef = 00B79A742D1415AA00DAE137 /* MASShortcut.m */; };
		00B79B192D1415AB00DAE137 /* MASShortcutView+Bindings.m in Sources */ = {isa = PBXBuildFile; fileRef = 00B79A692D1415AA00DAE137 /* MASShortcutView+Bindings.m */; };
		00B79B1B2D1415AB00DAE137 /* YLHudContentView.m in Sources */ = {isa = PBXBuildFile; fileRef = 00B79A062D1415AA00DAE137 /* YLHudContentView.m */; };
		00B79B1E2D1415AB00DAE137 /* YLAppleScript.m in Sources */ = {isa = PBXBuildFile; fileRef = 00B79A452D1415AA00DAE137 /* YLAppleScript.m */; };
		00B79B1F2D1415AB00DAE137 /* AppSandboxFileAccessOpenSavePanelDelegate.m in Sources */ = {isa = PBXBuildFile; fileRef = 00B799DA2D1415AA00DAE137 /* AppSandboxFileAccessOpenSavePanelDelegate.m */; };
		00B79B212D1415AB00DAE137 /* YLLog.swift in Sources */ = {isa = PBXBuildFile; fileRef = 00B79AB52D1415AA00DAE137 /* YLLog.swift */; };
		00B79B222D1415AB00DAE137 /* YLHud.m in Sources */ = {isa = PBXBuildFile; fileRef = 00B79A022D1415AA00DAE137 /* YLHud.m */; };
		00B79B262D1415AB00DAE137 /* YLPermissionManager.m in Sources */ = {isa = PBXBuildFile; fileRef = 00B79A222D1415AA00DAE137 /* YLPermissionManager.m */; };
		00B79B272D1415AB00DAE137 /* YLPermissionModel.m in Sources */ = {isa = PBXBuildFile; fileRef = 00B79A2A2D1415AA00DAE137 /* YLPermissionModel.m */; };
		00B79B282D1415AB00DAE137 /* MASShortcutView.m in Sources */ = {isa = PBXBuildFile; fileRef = 00B79A672D1415AA00DAE137 /* MASShortcutView.m */; };
		00B79B292D1415AB00DAE137 /* YLUpdateWindowController.m in Sources */ = {isa = PBXBuildFile; fileRef = 00B799EF2D1415AA00DAE137 /* YLUpdateWindowController.m */; };
		00B79B332D15D5C000DAE137 /* NSView+Gesture.swift in Sources */ = {isa = PBXBuildFile; fileRef = 00B79B322D15D5BF00DAE137 /* NSView+Gesture.swift */; };
		00B79B352D15D5D200DAE137 /* NSView+Category.swift in Sources */ = {isa = PBXBuildFile; fileRef = 00B79B342D15D5D200DAE137 /* NSView+Category.swift */; };
		00CFDB3E2D1D369600EF4FA4 /* YLAppleReview.swift in Sources */ = {isa = PBXBuildFile; fileRef = 00CFDB3D2D1D369600EF4FA4 /* YLAppleReview.swift */; };
		00CFDB402D1D3AFC00EF4FA4 /* YLFlipView.swift in Sources */ = {isa = PBXBuildFile; fileRef = 00CFDB3F2D1D3AFC00EF4FA4 /* YLFlipView.swift */; };
		00CFDB422D1D450C00EF4FA4 /* YLTextField.swift in Sources */ = {isa = PBXBuildFile; fileRef = 00CFDB412D1D450C00EF4FA4 /* YLTextField.swift */; };
		00CFDB442D1D486400EF4FA4 /* YLControl.swift in Sources */ = {isa = PBXBuildFile; fileRef = 00CFDB432D1D486400EF4FA4 /* YLControl.swift */; };
		00CFDB462D1D502E00EF4FA4 /* YLLanguage.swift in Sources */ = {isa = PBXBuildFile; fileRef = 00CFDB452D1D502E00EF4FA4 /* YLLanguage.swift */; };
		00CFDB482D1D504D00EF4FA4 /* YLLanguageModel.swift in Sources */ = {isa = PBXBuildFile; fileRef = 00CFDB472D1D504D00EF4FA4 /* YLLanguageModel.swift */; };
		00CFDB4A2D1D8E5200EF4FA4 /* YLUserDefaults.swift in Sources */ = {isa = PBXBuildFile; fileRef = 00CFDB492D1D8E5200EF4FA4 /* YLUserDefaults.swift */; };
		00CFDB4C2D1E3A9B00EF4FA4 /* YLWindowButton.swift in Sources */ = {isa = PBXBuildFile; fileRef = 00CFDB4B2D1E3A9B00EF4FA4 /* YLWindowButton.swift */; };
		00CFDB4E2D1E3AB200EF4FA4 /* YLWindowOperateView.swift in Sources */ = {isa = PBXBuildFile; fileRef = 00CFDB4D2D1E3AB200EF4FA4 /* YLWindowOperateView.swift */; };
		00E850622D1C529A00EBE080 /* NSObject+KVO.swift in Sources */ = {isa = PBXBuildFile; fileRef = 00E850612D1C529A00EBE080 /* NSObject+KVO.swift */; };
		00E850642D1C579A00EBE080 /* NSObject+Notification.swift in Sources */ = {isa = PBXBuildFile; fileRef = 00E850632D1C579A00EBE080 /* NSObject+Notification.swift */; };
		00E850662D1C581A00EBE080 /* NSObject+Event.swift in Sources */ = {isa = PBXBuildFile; fileRef = 00E850652D1C581A00EBE080 /* NSObject+Event.swift */; };
		00E8506A2D1D1E9C00EBE080 /* YLAppRating.swift in Sources */ = {isa = PBXBuildFile; fileRef = 00E850692D1D1E9C00EBE080 /* YLAppRating.swift */; };
/* End PBXBuildFile section */

/* Begin PBXFileReference section */
		0080A4C92D0448EA00EEFEA2 /* YLCategory-Swift-MacOS.app */ = {isa = PBXFileReference; explicitFileType = wrapper.application; includeInIndex = 0; path = "YLCategory-Swift-MacOS.app"; sourceTree = BUILT_PRODUCTS_DIR; };
		0080A4DB2D04490300EEFEA2 /* AppDelegate.swift */ = {isa = PBXFileReference; lastKnownFileType = sourcecode.swift; path = AppDelegate.swift; sourceTree = "<group>"; };
		0080A4DC2D04490300EEFEA2 /* Assets.xcassets */ = {isa = PBXFileReference; lastKnownFileType = folder.assetcatalog; path = Assets.xcassets; sourceTree = "<group>"; };
		0080A4DD2D04490300EEFEA2 /* Base */ = {isa = PBXFileReference; lastKnownFileType = file.storyboard; name = Base; path = Base.lproj/Main.storyboard; sourceTree = "<group>"; };
		0080A4DF2D04490300EEFEA2 /* ViewController.swift */ = {isa = PBXFileReference; lastKnownFileType = sourcecode.swift; path = ViewController.swift; sourceTree = "<group>"; };
		0080A4E02D04490300EEFEA2 /* YLCategory_Swift_MacOS.entitlements */ = {isa = PBXFileReference; lastKnownFileType = text.plist.entitlements; path = YLCategory_Swift_MacOS.entitlements; sourceTree = "<group>"; };
		0080A4E92D04493500EEFEA2 /* NSView+Frame.swift */ = {isa = PBXFileReference; lastKnownFileType = sourcecode.swift; path = "NSView+Frame.swift"; sourceTree = "<group>"; };
		00A0F9B02D1872180043E075 /* NSControl+Category.swift */ = {isa = PBXFileReference; lastKnownFileType = sourcecode.swift; path = "NSControl+Category.swift"; sourceTree = "<group>"; };
		00A0F9B22D1875980043E075 /* NSColor+Category.swift */ = {isa = PBXFileReference; lastKnownFileType = sourcecode.swift; path = "NSColor+Category.swift"; sourceTree = "<group>"; };
		00A0F9B42D18EC1C0043E075 /* NSButton+Category.swift */ = {isa = PBXFileReference; lastKnownFileType = sourcecode.swift; path = "NSButton+Category.swift"; sourceTree = "<group>"; };
		00A0F9B62D18FC360043E075 /* NSResponder+Category.swift */ = {isa = PBXFileReference; lastKnownFileType = sourcecode.swift; path = "NSResponder+Category.swift"; sourceTree = "<group>"; };
		00A0F9B82D19AE400043E075 /* NSImageView+Category.swift */ = {isa = PBXFileReference; lastKnownFileType = sourcecode.swift; path = "NSImageView+Category.swift"; sourceTree = "<group>"; };
		00A0F9BA2D19B09E0043E075 /* NSScreen+Category.swift */ = {isa = PBXFileReference; lastKnownFileType = sourcecode.swift; path = "NSScreen+Category.swift"; sourceTree = "<group>"; };
		00A0F9BC2D19B40F0043E075 /* NSWindow+Frame.swift */ = {isa = PBXFileReference; lastKnownFileType = sourcecode.swift; path = "NSWindow+Frame.swift"; sourceTree = "<group>"; };
		00A0F9BE2D19B41E0043E075 /* NSWindow+Category.swift */ = {isa = PBXFileReference; lastKnownFileType = sourcecode.swift; path = "NSWindow+Category.swift"; sourceTree = "<group>"; };
		00A0F9C02D19B9430043E075 /* NSTextField+Category.swift */ = {isa = PBXFileReference; lastKnownFileType = sourcecode.swift; path = "NSTextField+Category.swift"; sourceTree = "<group>"; };
		00A0F9C22D19BB870043E075 /* NSImage+Category.swift */ = {isa = PBXFileReference; lastKnownFileType = sourcecode.swift; path = "NSImage+Category.swift"; sourceTree = "<group>"; };
		00A0F9C42D1A489F0043E075 /* NSAlert+Category.swift */ = {isa = PBXFileReference; lastKnownFileType = sourcecode.swift; path = "NSAlert+Category.swift"; sourceTree = "<group>"; };
		00A0F9C72D1A673E0043E075 /* Async.swift */ = {isa = PBXFileReference; lastKnownFileType = sourcecode.swift; path = Async.swift; sourceTree = "<group>"; };
		00A0F9C92D1A7DA10043E075 /* String+Secret.swift */ = {isa = PBXFileReference; lastKnownFileType = sourcecode.swift; path = "String+Secret.swift"; sourceTree = "<group>"; };
		00A0F9CB2D1A7DB80043E075 /* String+Predicate.swift */ = {isa = PBXFileReference; lastKnownFileType = sourcecode.swift; path = "String+Predicate.swift"; sourceTree = "<group>"; };
		00A0F9CD2D1A7DC80043E075 /* String+Category.swift */ = {isa = PBXFileReference; lastKnownFileType = sourcecode.swift; path = "String+Category.swift"; sourceTree = "<group>"; };
		00A0F9CF2D1BE9B00043E075 /* NSDate+Category.swift */ = {isa = PBXFileReference; lastKnownFileType = sourcecode.swift; path = "NSDate+Category.swift"; sourceTree = "<group>"; };
		00B799D32D1414E200DAE137 /* YLCategory-Swift-MacOS-Bridging-Header.h */ = {isa = PBXFileReference; lastKnownFileType = sourcecode.c.h; path = "YLCategory-Swift-MacOS-Bridging-Header.h"; sourceTree = "<group>"; };
		00B799D72D1415AA00DAE137 /* AppSandboxFileAccess.h */ = {isa = PBXFileReference; lastKnownFileType = sourcecode.c.h; path = AppSandboxFileAccess.h; sourceTree = "<group>"; };
		00B799D82D1415AA00DAE137 /* AppSandboxFileAccess.m */ = {isa = PBXFileReference; lastKnownFileType = sourcecode.c.objc; path = AppSandboxFileAccess.m; sourceTree = "<group>"; };
		00B799D92D1415AA00DAE137 /* AppSandboxFileAccessOpenSavePanelDelegate.h */ = {isa = PBXFileReference; lastKnownFileType = sourcecode.c.h; path = AppSandboxFileAccessOpenSavePanelDelegate.h; sourceTree = "<group>"; };
		00B799DA2D1415AA00DAE137 /* AppSandboxFileAccessOpenSavePanelDelegate.m */ = {isa = PBXFileReference; lastKnownFileType = sourcecode.c.objc; path = AppSandboxFileAccessOpenSavePanelDelegate.m; sourceTree = "<group>"; };
		00B799DB2D1415AA00DAE137 /* AppSandboxFileAccessPersist.h */ = {isa = PBXFileReference; lastKnownFileType = sourcecode.c.h; path = AppSandboxFileAccessPersist.h; sourceTree = "<group>"; };
		00B799DC2D1415AA00DAE137 /* AppSandboxFileAccessPersist.m */ = {isa = PBXFileReference; lastKnownFileType = sourcecode.c.objc; path = AppSandboxFileAccessPersist.m; sourceTree = "<group>"; };
		00B799DE2D1415AA00DAE137 /* YLFileAccess.h */ = {isa = PBXFileReference; lastKnownFileType = sourcecode.c.h; path = YLFileAccess.h; sourceTree = "<group>"; };
		00B799DF2D1415AA00DAE137 /* YLFileAccess.m */ = {isa = PBXFileReference; lastKnownFileType = sourcecode.c.objc; path = YLFileAccess.m; sourceTree = "<group>"; };
		00B799E02D1415AA00DAE137 /* YLFileAccess.strings */ = {isa = PBXFileReference; lastKnownFileType = text.plist.strings; name = YLFileAccess.strings; path = en.lproj/YLFileAccess.strings; sourceTree = "<group>"; };
		00B799E12D1415AA00DAE137 /* YLFileAccess.strings */ = {isa = PBXFileReference; lastKnownFileType = text.plist.strings; name = YLFileAccess.strings; path = "zh-Hans.lproj/YLFileAccess.strings"; sourceTree = "<group>"; };
		00B799E22D1415AA00DAE137 /* YLFileAccess.strings */ = {isa = PBXFileReference; lastKnownFileType = text.plist.strings; name = YLFileAccess.strings; path = "zh-Hant.lproj/YLFileAccess.strings"; sourceTree = "<group>"; };
		00B799E32D1415AA00DAE137 /* YLFileAccess.strings */ = {isa = PBXFileReference; lastKnownFileType = text.plist.strings; name = YLFileAccess.strings; path = fr.lproj/YLFileAccess.strings; sourceTree = "<group>"; };
		00B799E42D1415AA00DAE137 /* YLFileAccess.strings */ = {isa = PBXFileReference; lastKnownFileType = text.plist.strings; name = YLFileAccess.strings; path = de.lproj/YLFileAccess.strings; sourceTree = "<group>"; };
		00B799E52D1415AA00DAE137 /* YLFileAccess.strings */ = {isa = PBXFileReference; lastKnownFileType = text.plist.strings; name = YLFileAccess.strings; path = ja.lproj/YLFileAccess.strings; sourceTree = "<group>"; };
		00B799E62D1415AA00DAE137 /* YLFileAccess.strings */ = {isa = PBXFileReference; lastKnownFileType = text.plist.strings; name = YLFileAccess.strings; path = ko.lproj/YLFileAccess.strings; sourceTree = "<group>"; };
		00B799E72D1415AA00DAE137 /* YLFileAccess.strings */ = {isa = PBXFileReference; lastKnownFileType = text.plist.strings; name = YLFileAccess.strings; path = pt.lproj/YLFileAccess.strings; sourceTree = "<group>"; };
		00B799E82D1415AA00DAE137 /* YLFileAccess.strings */ = {isa = PBXFileReference; lastKnownFileType = text.plist.strings; name = YLFileAccess.strings; path = es.lproj/YLFileAccess.strings; sourceTree = "<group>"; };
		00B799EC2D1415AA00DAE137 /* YLUpdateManager.h */ = {isa = PBXFileReference; lastKnownFileType = sourcecode.c.h; path = YLUpdateManager.h; sourceTree = "<group>"; };
		00B799ED2D1415AA00DAE137 /* YLUpdateManager.m */ = {isa = PBXFileReference; lastKnownFileType = sourcecode.c.objc; path = YLUpdateManager.m; sourceTree = "<group>"; };
		00B799EE2D1415AA00DAE137 /* YLUpdateWindowController.h */ = {isa = PBXFileReference; lastKnownFileType = sourcecode.c.h; path = YLUpdateWindowController.h; sourceTree = "<group>"; };
		00B799EF2D1415AA00DAE137 /* YLUpdateWindowController.m */ = {isa = PBXFileReference; lastKnownFileType = sourcecode.c.objc; path = YLUpdateWindowController.m; sourceTree = "<group>"; };
		00B799F02D1415AA00DAE137 /* YLUpdateViewController.h */ = {isa = PBXFileReference; lastKnownFileType = sourcecode.c.h; path = YLUpdateViewController.h; sourceTree = "<group>"; };
		00B799F12D1415AA00DAE137 /* YLUpdateViewController.m */ = {isa = PBXFileReference; lastKnownFileType = sourcecode.c.objc; path = YLUpdateViewController.m; sourceTree = "<group>"; };
		00B799F22D1415AA00DAE137 /* YLUpdateManager.strings */ = {isa = PBXFileReference; lastKnownFileType = text.plist.strings; name = YLUpdateManager.strings; path = en.lproj/YLUpdateManager.strings; sourceTree = "<group>"; };
		00B799F32D1415AA00DAE137 /* YLUpdateManager.strings */ = {isa = PBXFileReference; lastKnownFileType = text.plist.strings; name = YLUpdateManager.strings; path = "zh-Hans.lproj/YLUpdateManager.strings"; sourceTree = "<group>"; };
		00B799F42D1415AA00DAE137 /* YLUpdateManager.strings */ = {isa = PBXFileReference; lastKnownFileType = text.plist.strings; name = YLUpdateManager.strings; path = "zh-Hant.lproj/YLUpdateManager.strings"; sourceTree = "<group>"; };
		00B799F52D1415AA00DAE137 /* YLUpdateManager.strings */ = {isa = PBXFileReference; lastKnownFileType = text.plist.strings; name = YLUpdateManager.strings; path = fr.lproj/YLUpdateManager.strings; sourceTree = "<group>"; };
		00B799F62D1415AA00DAE137 /* YLUpdateManager.strings */ = {isa = PBXFileReference; lastKnownFileType = text.plist.strings; name = YLUpdateManager.strings; path = de.lproj/YLUpdateManager.strings; sourceTree = "<group>"; };
		00B799F72D1415AA00DAE137 /* YLUpdateManager.strings */ = {isa = PBXFileReference; lastKnownFileType = text.plist.strings; name = YLUpdateManager.strings; path = ja.lproj/YLUpdateManager.strings; sourceTree = "<group>"; };
		00B799F82D1415AA00DAE137 /* YLUpdateManager.strings */ = {isa = PBXFileReference; lastKnownFileType = text.plist.strings; name = YLUpdateManager.strings; path = ko.lproj/YLUpdateManager.strings; sourceTree = "<group>"; };
		00B799F92D1415AA00DAE137 /* YLUpdateManager.strings */ = {isa = PBXFileReference; lastKnownFileType = text.plist.strings; name = YLUpdateManager.strings; path = pt.lproj/YLUpdateManager.strings; sourceTree = "<group>"; };
		00B799FA2D1415AA00DAE137 /* YLUpdateManager.strings */ = {isa = PBXFileReference; lastKnownFileType = text.plist.strings; name = YLUpdateManager.strings; path = es.lproj/YLUpdateManager.strings; sourceTree = "<group>"; };
		00B79A012D1415AA00DAE137 /* YLHud.h */ = {isa = PBXFileReference; lastKnownFileType = sourcecode.c.h; path = YLHud.h; sourceTree = "<group>"; };
		00B79A022D1415AA00DAE137 /* YLHud.m */ = {isa = PBXFileReference; lastKnownFileType = sourcecode.c.objc; path = YLHud.m; sourceTree = "<group>"; };
		00B79A032D1415AA00DAE137 /* YLHudConfig.h */ = {isa = PBXFileReference; lastKnownFileType = sourcecode.c.h; path = YLHudConfig.h; sourceTree = "<group>"; };
		00B79A042D1415AA00DAE137 /* YLHudConfig.m */ = {isa = PBXFileReference; lastKnownFileType = sourcecode.c.objc; path = YLHudConfig.m; sourceTree = "<group>"; };
		00B79A052D1415AA00DAE137 /* YLHudContentView.h */ = {isa = PBXFileReference; lastKnownFileType = sourcecode.c.h; path = YLHudContentView.h; sourceTree = "<group>"; };
		00B79A062D1415AA00DAE137 /* YLHudContentView.m */ = {isa = PBXFileReference; lastKnownFileType = sourcecode.c.objc; path = YLHudContentView.m; sourceTree = "<group>"; };
		00B79A072D1415AA00DAE137 /* YLHudProgressView.h */ = {isa = PBXFileReference; lastKnownFileType = sourcecode.c.h; path = YLHudProgressView.h; sourceTree = "<group>"; };
		00B79A082D1415AA00DAE137 /* YLHudProgressView.m */ = {isa = PBXFileReference; lastKnownFileType = sourcecode.c.objc; path = YLHudProgressView.m; sourceTree = "<group>"; };
		00B79A092D1415AA00DAE137 /* YLHud.bundle */ = {isa = PBXFileReference; lastKnownFileType = "wrapper.plug-in"; path = YLHud.bundle; sourceTree = "<group>"; };
		00B79A152D1415AA00DAE137 /* YLLanguage.strings */ = {isa = PBXFileReference; lastKnownFileType = text.plist.strings; name = YLLanguage.strings; path = en.lproj/YLLanguage.strings; sourceTree = "<group>"; };
		00B79A162D1415AA00DAE137 /* YLLanguage.strings */ = {isa = PBXFileReference; lastKnownFileType = text.plist.strings; name = YLLanguage.strings; path = "zh-Hans.lproj/YLLanguage.strings"; sourceTree = "<group>"; };
		00B79A172D1415AA00DAE137 /* YLLanguage.strings */ = {isa = PBXFileReference; lastKnownFileType = text.plist.strings; name = YLLanguage.strings; path = "zh-Hant.lproj/YLLanguage.strings"; sourceTree = "<group>"; };
		00B79A182D1415AA00DAE137 /* YLLanguage.strings */ = {isa = PBXFileReference; lastKnownFileType = text.plist.strings; name = YLLanguage.strings; path = fr.lproj/YLLanguage.strings; sourceTree = "<group>"; };
		00B79A192D1415AA00DAE137 /* YLLanguage.strings */ = {isa = PBXFileReference; lastKnownFileType = text.plist.strings; name = YLLanguage.strings; path = de.lproj/YLLanguage.strings; sourceTree = "<group>"; };
		00B79A1A2D1415AA00DAE137 /* YLLanguage.strings */ = {isa = PBXFileReference; lastKnownFileType = text.plist.strings; name = YLLanguage.strings; path = ja.lproj/YLLanguage.strings; sourceTree = "<group>"; };
		00B79A1B2D1415AA00DAE137 /* YLLanguage.strings */ = {isa = PBXFileReference; lastKnownFileType = text.plist.strings; name = YLLanguage.strings; path = ko.lproj/YLLanguage.strings; sourceTree = "<group>"; };
		00B79A1C2D1415AA00DAE137 /* YLLanguage.strings */ = {isa = PBXFileReference; lastKnownFileType = text.plist.strings; name = YLLanguage.strings; path = pt.lproj/YLLanguage.strings; sourceTree = "<group>"; };
		00B79A1D2D1415AA00DAE137 /* YLLanguage.strings */ = {isa = PBXFileReference; lastKnownFileType = text.plist.strings; name = YLLanguage.strings; path = es.lproj/YLLanguage.strings; sourceTree = "<group>"; };
		00B79A212D1415AA00DAE137 /* YLPermissionManager.h */ = {isa = PBXFileReference; lastKnownFileType = sourcecode.c.h; path = YLPermissionManager.h; sourceTree = "<group>"; };
		00B79A222D1415AA00DAE137 /* YLPermissionManager.m */ = {isa = PBXFileReference; lastKnownFileType = sourcecode.c.objc; path = YLPermissionManager.m; sourceTree = "<group>"; };
		00B79A232D1415AA00DAE137 /* YLPermissionWindowController.h */ = {isa = PBXFileReference; lastKnownFileType = sourcecode.c.h; path = YLPermissionWindowController.h; sourceTree = "<group>"; };
		00B79A242D1415AA00DAE137 /* YLPermissionWindowController.m */ = {isa = PBXFileReference; lastKnownFileType = sourcecode.c.objc; path = YLPermissionWindowController.m; sourceTree = "<group>"; };
		00B79A252D1415AA00DAE137 /* YLPermissionViewController.h */ = {isa = PBXFileReference; lastKnownFileType = sourcecode.c.h; path = YLPermissionViewController.h; sourceTree = "<group>"; };
		00B79A262D1415AA00DAE137 /* YLPermissionViewController.m */ = {isa = PBXFileReference; lastKnownFileType = sourcecode.c.objc; path = YLPermissionViewController.m; sourceTree = "<group>"; };
		00B79A272D1415AA00DAE137 /* YLPermissionItem.h */ = {isa = PBXFileReference; lastKnownFileType = sourcecode.c.h; path = YLPermissionItem.h; sourceTree = "<group>"; };
		00B79A282D1415AA00DAE137 /* YLPermissionItem.m */ = {isa = PBXFileReference; lastKnownFileType = sourcecode.c.objc; path = YLPermissionItem.m; sourceTree = "<group>"; };
		00B79A292D1415AA00DAE137 /* YLPermissionModel.h */ = {isa = PBXFileReference; lastKnownFileType = sourcecode.c.h; path = YLPermissionModel.h; sourceTree = "<group>"; };
		00B79A2A2D1415AA00DAE137 /* YLPermissionModel.m */ = {isa = PBXFileReference; lastKnownFileType = sourcecode.c.objc; path = YLPermissionModel.m; sourceTree = "<group>"; };
		00B79A2B2D1415AA00DAE137 /* YLPermissionManager.bundle */ = {isa = PBXFileReference; lastKnownFileType = "wrapper.plug-in"; path = YLPermissionManager.bundle; sourceTree = "<group>"; };
		00B79A2C2D1415AA00DAE137 /* YLPermissionManager.strings */ = {isa = PBXFileReference; lastKnownFileType = text.plist.strings; name = YLPermissionManager.strings; path = en.lproj/YLPermissionManager.strings; sourceTree = "<group>"; };
		00B79A2D2D1415AA00DAE137 /* YLPermissionManager.strings */ = {isa = PBXFileReference; lastKnownFileType = text.plist.strings; name = YLPermissionManager.strings; path = "zh-Hans.lproj/YLPermissionManager.strings"; sourceTree = "<group>"; };
		00B79A2E2D1415AA00DAE137 /* YLPermissionManager.strings */ = {isa = PBXFileReference; lastKnownFileType = text.plist.strings; name = YLPermissionManager.strings; path = "zh-Hant.lproj/YLPermissionManager.strings"; sourceTree = "<group>"; };
		00B79A2F2D1415AA00DAE137 /* YLPermissionManager.strings */ = {isa = PBXFileReference; lastKnownFileType = text.plist.strings; name = YLPermissionManager.strings; path = fr.lproj/YLPermissionManager.strings; sourceTree = "<group>"; };
		00B79A302D1415AA00DAE137 /* YLPermissionManager.strings */ = {isa = PBXFileReference; lastKnownFileType = text.plist.strings; name = YLPermissionManager.strings; path = de.lproj/YLPermissionManager.strings; sourceTree = "<group>"; };
		00B79A312D1415AA00DAE137 /* YLPermissionManager.strings */ = {isa = PBXFileReference; lastKnownFileType = text.plist.strings; name = YLPermissionManager.strings; path = ja.lproj/YLPermissionManager.strings; sourceTree = "<group>"; };
		00B79A322D1415AA00DAE137 /* YLPermissionManager.strings */ = {isa = PBXFileReference; lastKnownFileType = text.plist.strings; name = YLPermissionManager.strings; path = ko.lproj/YLPermissionManager.strings; sourceTree = "<group>"; };
		00B79A332D1415AA00DAE137 /* YLPermissionManager.strings */ = {isa = PBXFileReference; lastKnownFileType = text.plist.strings; name = YLPermissionManager.strings; path = pt.lproj/YLPermissionManager.strings; sourceTree = "<group>"; };
		00B79A342D1415AA00DAE137 /* YLPermissionManager.strings */ = {isa = PBXFileReference; lastKnownFileType = text.plist.strings; name = YLPermissionManager.strings; path = es.lproj/YLPermissionManager.strings; sourceTree = "<group>"; };
		00B79A412D1415AA00DAE137 /* YLCFNotificationManager.h */ = {isa = PBXFileReference; lastKnownFileType = sourcecode.c.h; path = YLCFNotificationManager.h; sourceTree = "<group>"; };
		00B79A422D1415AA00DAE137 /* YLCFNotificationManager.m */ = {isa = PBXFileReference; lastKnownFileType = sourcecode.c.objc; path = YLCFNotificationManager.m; sourceTree = "<group>"; };
		00B79A442D1415AA00DAE137 /* YLAppleScript.h */ = {isa = PBXFileReference; lastKnownFileType = sourcecode.c.h; path = YLAppleScript.h; sourceTree = "<group>"; };
		00B79A452D1415AA00DAE137 /* YLAppleScript.m */ = {isa = PBXFileReference; lastKnownFileType = sourcecode.c.objc; path = YLAppleScript.m; sourceTree = "<group>"; };
		00B79A462D1415AA00DAE137 /* YLAppleScript.strings */ = {isa = PBXFileReference; lastKnownFileType = text.plist.strings; name = YLAppleScript.strings; path = "zh-Hans.lproj/YLAppleScript.strings"; sourceTree = "<group>"; };
		00B79A472D1415AA00DAE137 /* YLAppleScript.strings */ = {isa = PBXFileReference; lastKnownFileType = text.plist.strings; name = YLAppleScript.strings; path = en.lproj/YLAppleScript.strings; sourceTree = "<group>"; };
		00B79A482D1415AA00DAE137 /* YLAppleScript.strings */ = {isa = PBXFileReference; lastKnownFileType = text.plist.strings; name = YLAppleScript.strings; path = "zh-Hant.lproj/YLAppleScript.strings"; sourceTree = "<group>"; };
		00B79A492D1415AA00DAE137 /* YLAppleScript.strings */ = {isa = PBXFileReference; lastKnownFileType = text.plist.strings; name = YLAppleScript.strings; path = fr.lproj/YLAppleScript.strings; sourceTree = "<group>"; };
		00B79A4A2D1415AA00DAE137 /* YLAppleScript.strings */ = {isa = PBXFileReference; lastKnownFileType = text.plist.strings; name = YLAppleScript.strings; path = ja.lproj/YLAppleScript.strings; sourceTree = "<group>"; };
		00B79A4B2D1415AA00DAE137 /* YLAppleScript.strings */ = {isa = PBXFileReference; lastKnownFileType = text.plist.strings; name = YLAppleScript.strings; path = ko.lproj/YLAppleScript.strings; sourceTree = "<group>"; };
		00B79A4C2D1415AA00DAE137 /* YLAppleScript.strings */ = {isa = PBXFileReference; lastKnownFileType = text.plist.strings; name = YLAppleScript.strings; path = pt.lproj/YLAppleScript.strings; sourceTree = "<group>"; };
		00B79A4D2D1415AA00DAE137 /* YLAppleScript.strings */ = {isa = PBXFileReference; lastKnownFileType = text.plist.strings; name = YLAppleScript.strings; path = es.lproj/YLAppleScript.strings; sourceTree = "<group>"; };
		00B79A4E2D1415AA00DAE137 /* YLAppleScript.strings */ = {isa = PBXFileReference; lastKnownFileType = text.plist.strings; name = YLAppleScript.strings; path = de.lproj/YLAppleScript.strings; sourceTree = "<group>"; };
		00B79A552D1415AA00DAE137 /* YLCollectionView.h */ = {isa = PBXFileReference; lastKnownFileType = sourcecode.c.h; path = YLCollectionView.h; sourceTree = "<group>"; };
		00B79A562D1415AA00DAE137 /* YLCollectionView.m */ = {isa = PBXFileReference; lastKnownFileType = sourcecode.c.objc; path = YLCollectionView.m; sourceTree = "<group>"; };
		00B79A5E2D1415AA00DAE137 /* Shortcut.h */ = {isa = PBXFileReference; lastKnownFileType = sourcecode.c.h; path = Shortcut.h; sourceTree = "<group>"; };
		00B79A5F2D1415AA00DAE137 /* MASDictionaryTransformer.h */ = {isa = PBXFileReference; lastKnownFileType = sourcecode.c.h; path = MASDictionaryTransformer.h; sourceTree = "<group>"; };
		00B79A602D1415AA00DAE137 /* MASDictionaryTransformer.m */ = {isa = PBXFileReference; lastKnownFileType = sourcecode.c.objc; path = MASDictionaryTransformer.m; sourceTree = "<group>"; };
		00B79A612D1415AA00DAE137 /* MASShortcutBinder.h */ = {isa = PBXFileReference; lastKnownFileType = sourcecode.c.h; path = MASShortcutBinder.h; sourceTree = "<group>"; };
		00B79A622D1415AA00DAE137 /* MASShortcutBinder.m */ = {isa = PBXFileReference; lastKnownFileType = sourcecode.c.objc; path = MASShortcutBinder.m; sourceTree = "<group>"; };
		00B79A642D1415AA00DAE137 /* MASLocalization.h */ = {isa = PBXFileReference; lastKnownFileType = sourcecode.c.h; path = MASLocalization.h; sourceTree = "<group>"; };
		00B79A652D1415AA00DAE137 /* MASLocalization.m */ = {isa = PBXFileReference; lastKnownFileType = sourcecode.c.objc; path = MASLocalization.m; sourceTree = "<group>"; };
		00B79A662D1415AA00DAE137 /* MASShortcutView.h */ = {isa = PBXFileReference; lastKnownFileType = sourcecode.c.h; path = MASShortcutView.h; sourceTree = "<group>"; };
		00B79A672D1415AA00DAE137 /* MASShortcutView.m */ = {isa = PBXFileReference; lastKnownFileType = sourcecode.c.objc; path = MASShortcutView.m; sourceTree = "<group>"; };
		00B79A682D1415AA00DAE137 /* MASShortcutView+Bindings.h */ = {isa = PBXFileReference; lastKnownFileType = sourcecode.c.h; path = "MASShortcutView+Bindings.h"; sourceTree = "<group>"; };
		00B79A692D1415AA00DAE137 /* MASShortcutView+Bindings.m */ = {isa = PBXFileReference; lastKnownFileType = sourcecode.c.objc; path = "MASShortcutView+Bindings.m"; sourceTree = "<group>"; };
		00B79A6A2D1415AA00DAE137 /* MASShortcutViewButtonCell.h */ = {isa = PBXFileReference; lastKnownFileType = sourcecode.c.h; path = MASShortcutViewButtonCell.h; sourceTree = "<group>"; };
		00B79A6B2D1415AA00DAE137 /* MASShortcutViewButtonCell.m */ = {isa = PBXFileReference; lastKnownFileType = sourcecode.c.objc; path = MASShortcutViewButtonCell.m; sourceTree = "<group>"; };
		00B79A6D2D1415AA00DAE137 /* MASHotKey.h */ = {isa = PBXFileReference; lastKnownFileType = sourcecode.c.h; path = MASHotKey.h; sourceTree = "<group>"; };
		00B79A6E2D1415AA00DAE137 /* MASHotKey.m */ = {isa = PBXFileReference; lastKnownFileType = sourcecode.c.objc; path = MASHotKey.m; sourceTree = "<group>"; };
		00B79A6F2D1415AA00DAE137 /* MASShortcutMonitor.h */ = {isa = PBXFileReference; lastKnownFileType = sourcecode.c.h; path = MASShortcutMonitor.h; sourceTree = "<group>"; };
		00B79A702D1415AA00DAE137 /* MASShortcutMonitor.m */ = {isa = PBXFileReference; lastKnownFileType = sourcecode.c.objc; path = MASShortcutMonitor.m; sourceTree = "<group>"; };
		00B79A722D1415AA00DAE137 /* MASKeyCodes.h */ = {isa = PBXFileReference; lastKnownFileType = sourcecode.c.h; path = MASKeyCodes.h; sourceTree = "<group>"; };
		00B79A732D1415AA00DAE137 /* MASShortcut.h */ = {isa = PBXFileReference; lastKnownFileType = sourcecode.c.h; path = MASShortcut.h; sourceTree = "<group>"; };
		00B79A742D1415AA00DAE137 /* MASShortcut.m */ = {isa = PBXFileReference; lastKnownFileType = sourcecode.c.objc; path = MASShortcut.m; sourceTree = "<group>"; };
		00B79A752D1415AA00DAE137 /* MASShortcutValidator.h */ = {isa = PBXFileReference; lastKnownFileType = sourcecode.c.h; path = MASShortcutValidator.h; sourceTree = "<group>"; };
		00B79A762D1415AA00DAE137 /* MASShortcutValidator.m */ = {isa = PBXFileReference; lastKnownFileType = sourcecode.c.objc; path = MASShortcutValidator.m; sourceTree = "<group>"; };
		00B79A792D1415AA00DAE137 /* YLShortcutManager.h */ = {isa = PBXFileReference; lastKnownFileType = sourcecode.c.h; path = YLShortcutManager.h; sourceTree = "<group>"; };
		00B79A7A2D1415AA00DAE137 /* YLShortcutManager.m */ = {isa = PBXFileReference; lastKnownFileType = sourcecode.c.objc; path = YLShortcutManager.m; sourceTree = "<group>"; };
		00B79A7B2D1415AA00DAE137 /* YLShortcutView.h */ = {isa = PBXFileReference; lastKnownFileType = sourcecode.c.h; path = YLShortcutView.h; sourceTree = "<group>"; };
		00B79A7C2D1415AA00DAE137 /* YLShortcutView.m */ = {isa = PBXFileReference; lastKnownFileType = sourcecode.c.objc; path = YLShortcutView.m; sourceTree = "<group>"; };
		00B79A7D2D1415AA00DAE137 /* YLShortcutConfig.h */ = {isa = PBXFileReference; lastKnownFileType = sourcecode.c.h; path = YLShortcutConfig.h; sourceTree = "<group>"; };
		00B79A7E2D1415AA00DAE137 /* YLShortcutConfig.m */ = {isa = PBXFileReference; lastKnownFileType = sourcecode.c.objc; path = YLShortcutConfig.m; sourceTree = "<group>"; };
		00B79A7F2D1415AA00DAE137 /* YLShortcutView.bundle */ = {isa = PBXFileReference; lastKnownFileType = "wrapper.plug-in"; path = YLShortcutView.bundle; sourceTree = "<group>"; };
		00B79A802D1415AA00DAE137 /* YLShortcutView.strings */ = {isa = PBXFileReference; lastKnownFileType = text.plist.strings; name = YLShortcutView.strings; path = "zh-Hans.lproj/YLShortcutView.strings"; sourceTree = "<group>"; };
		00B79A812D1415AA00DAE137 /* YLShortcutView.strings */ = {isa = PBXFileReference; lastKnownFileType = text.plist.strings; name = YLShortcutView.strings; path = en.lproj/YLShortcutView.strings; sourceTree = "<group>"; };
		00B79A822D1415AA00DAE137 /* YLShortcutView.strings */ = {isa = PBXFileReference; lastKnownFileType = text.plist.strings; name = YLShortcutView.strings; path = "zh-Hant.lproj/YLShortcutView.strings"; sourceTree = "<group>"; };
		00B79A832D1415AA00DAE137 /* YLShortcutView.strings */ = {isa = PBXFileReference; lastKnownFileType = text.plist.strings; name = YLShortcutView.strings; path = ja.lproj/YLShortcutView.strings; sourceTree = "<group>"; };
		00B79A842D1415AA00DAE137 /* YLShortcutView.strings */ = {isa = PBXFileReference; lastKnownFileType = text.plist.strings; name = YLShortcutView.strings; path = ko.lproj/YLShortcutView.strings; sourceTree = "<group>"; };
		00B79A852D1415AA00DAE137 /* YLShortcutView.strings */ = {isa = PBXFileReference; lastKnownFileType = text.plist.strings; name = YLShortcutView.strings; path = fr.lproj/YLShortcutView.strings; sourceTree = "<group>"; };
		00B79A862D1415AA00DAE137 /* YLShortcutView.strings */ = {isa = PBXFileReference; lastKnownFileType = text.plist.strings; name = YLShortcutView.strings; path = pt.lproj/YLShortcutView.strings; sourceTree = "<group>"; };
		00B79A872D1415AA00DAE137 /* YLShortcutView.strings */ = {isa = PBXFileReference; lastKnownFileType = text.plist.strings; name = YLShortcutView.strings; path = es.lproj/YLShortcutView.strings; sourceTree = "<group>"; };
		00B79A882D1415AA00DAE137 /* YLShortcutView.strings */ = {isa = PBXFileReference; lastKnownFileType = text.plist.strings; name = YLShortcutView.strings; path = de.lproj/YLShortcutView.strings; sourceTree = "<group>"; };
		00B79A8A2D1415AA00DAE137 /* MAShortcutLocalizable.strings */ = {isa = PBXFileReference; lastKnownFileType = text.plist.strings; name = MAShortcutLocalizable.strings; path = cs.lproj/MAShortcutLocalizable.strings; sourceTree = "<group>"; };
		00B79A8B2D1415AA00DAE137 /* MAShortcutLocalizable.strings */ = {isa = PBXFileReference; lastKnownFileType = text.plist.strings; name = MAShortcutLocalizable.strings; path = de.lproj/MAShortcutLocalizable.strings; sourceTree = "<group>"; };
		00B79A8C2D1415AA00DAE137 /* MAShortcutLocalizable.strings */ = {isa = PBXFileReference; lastKnownFileType = text.plist.strings; name = MAShortcutLocalizable.strings; path = en.lproj/MAShortcutLocalizable.strings; sourceTree = "<group>"; };
		00B79A8D2D1415AA00DAE137 /* MAShortcutLocalizable.strings */ = {isa = PBXFileReference; lastKnownFileType = text.plist.strings; name = MAShortcutLocalizable.strings; path = es.lproj/MAShortcutLocalizable.strings; sourceTree = "<group>"; };
		00B79A8E2D1415AA00DAE137 /* MAShortcutLocalizable.strings */ = {isa = PBXFileReference; lastKnownFileType = text.plist.strings; name = MAShortcutLocalizable.strings; path = fr.lproj/MAShortcutLocalizable.strings; sourceTree = "<group>"; };
		00B79A8F2D1415AA00DAE137 /* MAShortcutLocalizable.strings */ = {isa = PBXFileReference; lastKnownFileType = text.plist.strings; name = MAShortcutLocalizable.strings; path = it.lproj/MAShortcutLocalizable.strings; sourceTree = "<group>"; };
		00B79A902D1415AA00DAE137 /* MAShortcutLocalizable.strings */ = {isa = PBXFileReference; lastKnownFileType = text.plist.strings; name = MAShortcutLocalizable.strings; path = ja.lproj/MAShortcutLocalizable.strings; sourceTree = "<group>"; };
		00B79A912D1415AA00DAE137 /* MAShortcutLocalizable.strings */ = {isa = PBXFileReference; lastKnownFileType = text.plist.strings; name = MAShortcutLocalizable.strings; path = ko.lproj/MAShortcutLocalizable.strings; sourceTree = "<group>"; };
		00B79A922D1415AA00DAE137 /* MAShortcutLocalizable.strings */ = {isa = PBXFileReference; lastKnownFileType = text.plist.strings; name = MAShortcutLocalizable.strings; path = nl.lproj/MAShortcutLocalizable.strings; sourceTree = "<group>"; };
		00B79A932D1415AA00DAE137 /* MAShortcutLocalizable.strings */ = {isa = PBXFileReference; lastKnownFileType = text.plist.strings; name = MAShortcutLocalizable.strings; path = pl.lproj/MAShortcutLocalizable.strings; sourceTree = "<group>"; };
		00B79A942D1415AA00DAE137 /* MAShortcutLocalizable.strings */ = {isa = PBXFileReference; lastKnownFileType = text.plist.strings; name = MAShortcutLocalizable.strings; path = pt.lproj/MAShortcutLocalizable.strings; sourceTree = "<group>"; };
		00B79A952D1415AA00DAE137 /* MAShortcutLocalizable.strings */ = {isa = PBXFileReference; lastKnownFileType = text.plist.strings; name = MAShortcutLocalizable.strings; path = ru.lproj/MAShortcutLocalizable.strings; sourceTree = "<group>"; };
		00B79A962D1415AA00DAE137 /* MAShortcutLocalizable.strings */ = {isa = PBXFileReference; lastKnownFileType = text.plist.strings; name = MAShortcutLocalizable.strings; path = sv.lproj/MAShortcutLocalizable.strings; sourceTree = "<group>"; };
		00B79A972D1415AA00DAE137 /* MAShortcutLocalizable.strings */ = {isa = PBXFileReference; lastKnownFileType = text.plist.strings; name = MAShortcutLocalizable.strings; path = "zh-Hans.lproj/MAShortcutLocalizable.strings"; sourceTree = "<group>"; };
		00B79A982D1415AA00DAE137 /* MAShortcutLocalizable.strings */ = {isa = PBXFileReference; lastKnownFileType = text.plist.strings; name = MAShortcutLocalizable.strings; path = "zh-Hant.lproj/MAShortcutLocalizable.strings"; sourceTree = "<group>"; };
		00B79AB42D1415AA00DAE137 /* Macro.swift */ = {isa = PBXFileReference; lastKnownFileType = sourcecode.swift; path = Macro.swift; sourceTree = "<group>"; };
		00B79AB52D1415AA00DAE137 /* YLLog.swift */ = {isa = PBXFileReference; lastKnownFileType = sourcecode.swift; path = YLLog.swift; sourceTree = "<group>"; };
		00B79AB62D1415AA00DAE137 /* XcodeLog.m */ = {isa = PBXFileReference; lastKnownFileType = sourcecode.c.objc; path = XcodeLog.m; sourceTree = "<group>"; };
		00B79B2E2D14789400DAE137 /* YLCategory.h */ = {isa = PBXFileReference; lastKnownFileType = sourcecode.c.h; path = YLCategory.h; sourceTree = "<group>"; };
		00B79B2F2D14F4A800DAE137 /* Macro.h */ = {isa = PBXFileReference; lastKnownFileType = sourcecode.c.h; path = Macro.h; sourceTree = "<group>"; };
		00B79B322D15D5BF00DAE137 /* NSView+Gesture.swift */ = {isa = PBXFileReference; lastKnownFileType = sourcecode.swift; path = "NSView+Gesture.swift"; sourceTree = "<group>"; };
		00B79B342D15D5D200DAE137 /* NSView+Category.swift */ = {isa = PBXFileReference; lastKnownFileType = sourcecode.swift; path = "NSView+Category.swift"; sourceTree = "<group>"; };
		00CFDB3D2D1D369600EF4FA4 /* YLAppleReview.swift */ = {isa = PBXFileReference; lastKnownFileType = sourcecode.swift; path = YLAppleReview.swift; sourceTree = "<group>"; };
		00CFDB3F2D1D3AFC00EF4FA4 /* YLFlipView.swift */ = {isa = PBXFileReference; lastKnownFileType = sourcecode.swift; path = YLFlipView.swift; sourceTree = "<group>"; };
		00CFDB412D1D450C00EF4FA4 /* YLTextField.swift */ = {isa = PBXFileReference; lastKnownFileType = sourcecode.swift; path = YLTextField.swift; sourceTree = "<group>"; };
		00CFDB432D1D486400EF4FA4 /* YLControl.swift */ = {isa = PBXFileReference; lastKnownFileType = sourcecode.swift; path = YLControl.swift; sourceTree = "<group>"; };
		00CFDB452D1D502E00EF4FA4 /* YLLanguage.swift */ = {isa = PBXFileReference; lastKnownFileType = sourcecode.swift; path = YLLanguage.swift; sourceTree = "<group>"; };
		00CFDB472D1D504D00EF4FA4 /* YLLanguageModel.swift */ = {isa = PBXFileReference; lastKnownFileType = sourcecode.swift; path = YLLanguageModel.swift; sourceTree = "<group>"; };
		00CFDB492D1D8E5200EF4FA4 /* YLUserDefaults.swift */ = {isa = PBXFileReference; lastKnownFileType = sourcecode.swift; path = YLUserDefaults.swift; sourceTree = "<group>"; };
		00CFDB4B2D1E3A9B00EF4FA4 /* YLWindowButton.swift */ = {isa = PBXFileReference; lastKnownFileType = sourcecode.swift; path = YLWindowButton.swift; sourceTree = "<group>"; };
		00CFDB4D2D1E3AB200EF4FA4 /* YLWindowOperateView.swift */ = {isa = PBXFileReference; lastKnownFileType = sourcecode.swift; path = YLWindowOperateView.swift; sourceTree = "<group>"; };
		00E850612D1C529A00EBE080 /* NSObject+KVO.swift */ = {isa = PBXFileReference; lastKnownFileType = sourcecode.swift; path = "NSObject+KVO.swift"; sourceTree = "<group>"; };
		00E850632D1C579A00EBE080 /* NSObject+Notification.swift */ = {isa = PBXFileReference; lastKnownFileType = sourcecode.swift; path = "NSObject+Notification.swift"; sourceTree = "<group>"; };
		00E850652D1C581A00EBE080 /* NSObject+Event.swift */ = {isa = PBXFileReference; lastKnownFileType = sourcecode.swift; path = "NSObject+Event.swift"; sourceTree = "<group>"; };
		00E850692D1D1E9C00EBE080 /* YLAppRating.swift */ = {isa = PBXFileReference; lastKnownFileType = sourcecode.swift; path = YLAppRating.swift; sourceTree = "<group>"; };
/* End PBXFileReference section */

/* Begin PBXFrameworksBuildPhase section */
		0080A4C62D0448EA00EEFEA2 /* Frameworks */ = {
			isa = PBXFrameworksBuildPhase;
			buildActionMask = 2147483647;
			files = (
			);
			runOnlyForDeploymentPostprocessing = 0;
		};
/* End PBXFrameworksBuildPhase section */

/* Begin PBXGroup section */
		0080A4C02D0448EA00EEFEA2 = {
			isa = PBXGroup;
			children = (
				0080A4E12D04490300EEFEA2 /* YLCategory-Swift-Demo */,
				0080A4E62D04490900EEFEA2 /* YLCategory-Swift-MacOS */,
				0080A4CA2D0448EA00EEFEA2 /* Products */,
			);
			sourceTree = "<group>";
		};
		0080A4CA2D0448EA00EEFEA2 /* Products */ = {
			isa = PBXGroup;
			children = (
				0080A4C92D0448EA00EEFEA2 /* YLCategory-Swift-MacOS.app */,
			);
			name = Products;
			sourceTree = "<group>";
		};
		0080A4E12D04490300EEFEA2 /* YLCategory-Swift-Demo */ = {
			isa = PBXGroup;
			children = (
				0080A4DB2D04490300EEFEA2 /* AppDelegate.swift */,
				0080A4DF2D04490300EEFEA2 /* ViewController.swift */,
				0080A4DC2D04490300EEFEA2 /* Assets.xcassets */,
				0080A4DE2D04490300EEFEA2 /* Main.storyboard */,
				00B799D32D1414E200DAE137 /* YLCategory-Swift-MacOS-Bridging-Header.h */,
				0080A4E02D04490300EEFEA2 /* YLCategory_Swift_MacOS.entitlements */,
			);
			path = "YLCategory-Swift-Demo";
			sourceTree = "<group>";
		};
		0080A4E62D04490900EEFEA2 /* YLCategory-Swift-MacOS */ = {
			isa = PBXGroup;
			children = (
				00B79B2E2D14789400DAE137 /* YLCategory.h */,
				00B79B2A2D14181600DAE137 /* YLTextField */,
				00B799EB2D1415AA00DAE137 /* YLFileAccess */,
				00B799FD2D1415AA00DAE137 /* YLUpdateManager */,
				00B79A002D1415AA00DAE137 /* YLAppRating */,
				00B79A0B2D1415AA00DAE137 /* YLHud */,
				00B79A102D1415AA00DAE137 /* YLWindowButton */,
				00B79A202D1415AA00DAE137 /* YLLanguage */,
				00B79A372D1415AA00DAE137 /* YLPermissionManager */,
				00B79A3A2D1415AA00DAE137 /* YLAppleReview */,
				00B79A402D1415AA00DAE137 /* YLControl */,
				00B79A432D1415AA00DAE137 /* YLCFNotificationManager */,
				00B79A512D1415AA00DAE137 /* YLAppleScript */,
				00B79A542D1415AA00DAE137 /* YLFlipView */,
				00B79A572D1415AA00DAE137 /* YLCollectionView */,
				00B79A5D2D1415AA00DAE137 /* YLUserDefaults */,
				00B79A9B2D1415AA00DAE137 /* YLShortcutView */,
				00B79AB82D1415AA00DAE137 /* Other */,
				00A0F9C62D1A67300043E075 /* Async */,
				00B79A9E2D1415AA00DAE137 /* NSImageView */,
				00B79AA12D1415AA00DAE137 /* NSResponder */,
				00B79AA72D1415AA00DAE137 /* NSColor */,
				00B79AAE2D1415AA00DAE137 /* NSView */,
				00B79AB12D1415AA00DAE137 /* NSControl */,
				00B79AC12D1415AA00DAE137 /* NSString */,
				00B79AC42D1415AA00DAE137 /* NSButton */,
				00B79AC72D1415AA00DAE137 /* NSAlert */,
				00B79ACA2D1415AA00DAE137 /* NSObject */,
				00B79ACD2D1415AA00DAE137 /* NSTextField */,
				00B79AD02D1415AA00DAE137 /* NSImage */,
				00B79AD52D1415AA00DAE137 /* NSWindow */,
				00B79AD82D1415AA00DAE137 /* NSScreen */,
				00B79ADB2D1415AA00DAE137 /* NSDate */,
			);
			path = "YLCategory-Swift-MacOS";
			sourceTree = "<group>";
		};
		00A0F9C62D1A67300043E075 /* Async */ = {
			isa = PBXGroup;
			children = (
				00A0F9C72D1A673E0043E075 /* Async.swift */,
			);
			path = Async;
			sourceTree = "<group>";
		};
		00B799DD2D1415AA00DAE137 /* AppSandboxFileAccess */ = {
			isa = PBXGroup;
			children = (
				00B799D72D1415AA00DAE137 /* AppSandboxFileAccess.h */,
				00B799D82D1415AA00DAE137 /* AppSandboxFileAccess.m */,
				00B799D92D1415AA00DAE137 /* AppSandboxFileAccessOpenSavePanelDelegate.h */,
				00B799DA2D1415AA00DAE137 /* AppSandboxFileAccessOpenSavePanelDelegate.m */,
				00B799DB2D1415AA00DAE137 /* AppSandboxFileAccessPersist.h */,
				00B799DC2D1415AA00DAE137 /* AppSandboxFileAccessPersist.m */,
			);
			path = AppSandboxFileAccess;
			sourceTree = "<group>";
		};
		00B799EA2D1415AA00DAE137 /* Resources */ = {
			isa = PBXGroup;
			children = (
				00B799E92D1415AA00DAE137 /* YLFileAccess.strings */,
			);
			path = Resources;
			sourceTree = "<group>";
		};
		00B799EB2D1415AA00DAE137 /* YLFileAccess */ = {
			isa = PBXGroup;
			children = (
				00B799DD2D1415AA00DAE137 /* AppSandboxFileAccess */,
				00B799DE2D1415AA00DAE137 /* YLFileAccess.h */,
				00B799DF2D1415AA00DAE137 /* YLFileAccess.m */,
				00B799EA2D1415AA00DAE137 /* Resources */,
			);
			path = YLFileAccess;
			sourceTree = "<group>";
		};
		00B799FC2D1415AA00DAE137 /* Resources */ = {
			isa = PBXGroup;
			children = (
				00B799FB2D1415AA00DAE137 /* YLUpdateManager.strings */,
			);
			path = Resources;
			sourceTree = "<group>";
		};
		00B799FD2D1415AA00DAE137 /* YLUpdateManager */ = {
			isa = PBXGroup;
			children = (
				00B799EC2D1415AA00DAE137 /* YLUpdateManager.h */,
				00B799ED2D1415AA00DAE137 /* YLUpdateManager.m */,
				00B799EE2D1415AA00DAE137 /* YLUpdateWindowController.h */,
				00B799EF2D1415AA00DAE137 /* YLUpdateWindowController.m */,
				00B799F02D1415AA00DAE137 /* YLUpdateViewController.h */,
				00B799F12D1415AA00DAE137 /* YLUpdateViewController.m */,
				00B799FC2D1415AA00DAE137 /* Resources */,
			);
			path = YLUpdateManager;
			sourceTree = "<group>";
		};
		00B79A002D1415AA00DAE137 /* YLAppRating */ = {
			isa = PBXGroup;
			children = (
				00E850692D1D1E9C00EBE080 /* YLAppRating.swift */,
			);
			path = YLAppRating;
			sourceTree = "<group>";
		};
		00B79A0A2D1415AA00DAE137 /* Resources */ = {
			isa = PBXGroup;
			children = (
				00B79A092D1415AA00DAE137 /* YLHud.bundle */,
			);
			path = Resources;
			sourceTree = "<group>";
		};
		00B79A0B2D1415AA00DAE137 /* YLHud */ = {
			isa = PBXGroup;
			children = (
				00B79A012D1415AA00DAE137 /* YLHud.h */,
				00B79A022D1415AA00DAE137 /* YLHud.m */,
				00B79A032D1415AA00DAE137 /* YLHudConfig.h */,
				00B79A042D1415AA00DAE137 /* YLHudConfig.m */,
				00B79A052D1415AA00DAE137 /* YLHudContentView.h */,
				00B79A062D1415AA00DAE137 /* YLHudContentView.m */,
				00B79A072D1415AA00DAE137 /* YLHudProgressView.h */,
				00B79A082D1415AA00DAE137 /* YLHudProgressView.m */,
				00B79A0A2D1415AA00DAE137 /* Resources */,
			);
			path = YLHud;
			sourceTree = "<group>";
		};
		00B79A102D1415AA00DAE137 /* YLWindowButton */ = {
			isa = PBXGroup;
			children = (
				00CFDB4B2D1E3A9B00EF4FA4 /* YLWindowButton.swift */,
				00CFDB4D2D1E3AB200EF4FA4 /* YLWindowOperateView.swift */,
			);
			path = YLWindowButton;
			sourceTree = "<group>";
		};
		00B79A1F2D1415AA00DAE137 /* Resources */ = {
			isa = PBXGroup;
			children = (
				00B79A1E2D1415AA00DAE137 /* YLLanguage.strings */,
			);
			path = Resources;
			sourceTree = "<group>";
		};
		00B79A202D1415AA00DAE137 /* YLLanguage */ = {
			isa = PBXGroup;
			children = (
				00CFDB452D1D502E00EF4FA4 /* YLLanguage.swift */,
				00CFDB472D1D504D00EF4FA4 /* YLLanguageModel.swift */,
				00B79A1F2D1415AA00DAE137 /* Resources */,
			);
			path = YLLanguage;
			sourceTree = "<group>";
		};
		00B79A362D1415AA00DAE137 /* Resources */ = {
			isa = PBXGroup;
			children = (
				00B79A2B2D1415AA00DAE137 /* YLPermissionManager.bundle */,
				00B79A352D1415AA00DAE137 /* YLPermissionManager.strings */,
			);
			path = Resources;
			sourceTree = "<group>";
		};
		00B79A372D1415AA00DAE137 /* YLPermissionManager */ = {
			isa = PBXGroup;
			children = (
				00B79A212D1415AA00DAE137 /* YLPermissionManager.h */,
				00B79A222D1415AA00DAE137 /* YLPermissionManager.m */,
				00B79A232D1415AA00DAE137 /* YLPermissionWindowController.h */,
				00B79A242D1415AA00DAE137 /* YLPermissionWindowController.m */,
				00B79A252D1415AA00DAE137 /* YLPermissionViewController.h */,
				00B79A262D1415AA00DAE137 /* YLPermissionViewController.m */,
				00B79A272D1415AA00DAE137 /* YLPermissionItem.h */,
				00B79A282D1415AA00DAE137 /* YLPermissionItem.m */,
				00B79A292D1415AA00DAE137 /* YLPermissionModel.h */,
				00B79A2A2D1415AA00DAE137 /* YLPermissionModel.m */,
				00B79A362D1415AA00DAE137 /* Resources */,
			);
			path = YLPermissionManager;
			sourceTree = "<group>";
		};
		00B79A3A2D1415AA00DAE137 /* YLAppleReview */ = {
			isa = PBXGroup;
			children = (
				00CFDB3D2D1D369600EF4FA4 /* YLAppleReview.swift */,
			);
			path = YLAppleReview;
			sourceTree = "<group>";
		};
		00B79A402D1415AA00DAE137 /* YLControl */ = {
			isa = PBXGroup;
			children = (
				00CFDB432D1D486400EF4FA4 /* YLControl.swift */,
			);
			path = YLControl;
			sourceTree = "<group>";
		};
		00B79A432D1415AA00DAE137 /* YLCFNotificationManager */ = {
			isa = PBXGroup;
			children = (
				00B79A412D1415AA00DAE137 /* YLCFNotificationManager.h */,
				00B79A422D1415AA00DAE137 /* YLCFNotificationManager.m */,
			);
			path = YLCFNotificationManager;
			sourceTree = "<group>";
		};
		00B79A502D1415AA00DAE137 /* Resources */ = {
			isa = PBXGroup;
			children = (
				00B79A4F2D1415AA00DAE137 /* YLAppleScript.strings */,
			);
			path = Resources;
			sourceTree = "<group>";
		};
		00B79A512D1415AA00DAE137 /* YLAppleScript */ = {
			isa = PBXGroup;
			children = (
				00B79A442D1415AA00DAE137 /* YLAppleScript.h */,
				00B79A452D1415AA00DAE137 /* YLAppleScript.m */,
				00B79A502D1415AA00DAE137 /* Resources */,
			);
			path = YLAppleScript;
			sourceTree = "<group>";
		};
		00B79A542D1415AA00DAE137 /* YLFlipView */ = {
			isa = PBXGroup;
			children = (
				00CFDB3F2D1D3AFC00EF4FA4 /* YLFlipView.swift */,
			);
			path = YLFlipView;
			sourceTree = "<group>";
		};
		00B79A572D1415AA00DAE137 /* YLCollectionView */ = {
			isa = PBXGroup;
			children = (
				00B79A552D1415AA00DAE137 /* YLCollectionView.h */,
				00B79A562D1415AA00DAE137 /* YLCollectionView.m */,
			);
			path = YLCollectionView;
			sourceTree = "<group>";
		};
		00B79A5D2D1415AA00DAE137 /* YLUserDefaults */ = {
			isa = PBXGroup;
			children = (
				00CFDB492D1D8E5200EF4FA4 /* YLUserDefaults.swift */,
			);
			path = YLUserDefaults;
			sourceTree = "<group>";
		};
		00B79A632D1415AA00DAE137 /* User Defaults Storage */ = {
			isa = PBXGroup;
			children = (
				00B79A5F2D1415AA00DAE137 /* MASDictionaryTransformer.h */,
				00B79A602D1415AA00DAE137 /* MASDictionaryTransformer.m */,
				00B79A612D1415AA00DAE137 /* MASShortcutBinder.h */,
				00B79A622D1415AA00DAE137 /* MASShortcutBinder.m */,
			);
			path = "User Defaults Storage";
			sourceTree = "<group>";
		};
		00B79A6C2D1415AA00DAE137 /* UI */ = {
			isa = PBXGroup;
			children = (
				00B79A642D1415AA00DAE137 /* MASLocalization.h */,
				00B79A652D1415AA00DAE137 /* MASLocalization.m */,
				00B79A662D1415AA00DAE137 /* MASShortcutView.h */,
				00B79A672D1415AA00DAE137 /* MASShortcutView.m */,
				00B79A682D1415AA00DAE137 /* MASShortcutView+Bindings.h */,
				00B79A692D1415AA00DAE137 /* MASShortcutView+Bindings.m */,
				00B79A6A2D1415AA00DAE137 /* MASShortcutViewButtonCell.h */,
				00B79A6B2D1415AA00DAE137 /* MASShortcutViewButtonCell.m */,
			);
			path = UI;
			sourceTree = "<group>";
		};
		00B79A712D1415AA00DAE137 /* Monitoring */ = {
			isa = PBXGroup;
			children = (
				00B79A6D2D1415AA00DAE137 /* MASHotKey.h */,
				00B79A6E2D1415AA00DAE137 /* MASHotKey.m */,
				00B79A6F2D1415AA00DAE137 /* MASShortcutMonitor.h */,
				00B79A702D1415AA00DAE137 /* MASShortcutMonitor.m */,
			);
			path = Monitoring;
			sourceTree = "<group>";
		};
		00B79A772D1415AA00DAE137 /* Model */ = {
			isa = PBXGroup;
			children = (
				00B79A722D1415AA00DAE137 /* MASKeyCodes.h */,
				00B79A732D1415AA00DAE137 /* MASShortcut.h */,
				00B79A742D1415AA00DAE137 /* MASShortcut.m */,
				00B79A752D1415AA00DAE137 /* MASShortcutValidator.h */,
				00B79A762D1415AA00DAE137 /* MASShortcutValidator.m */,
			);
			path = Model;
			sourceTree = "<group>";
		};
		00B79A782D1415AA00DAE137 /* MASShortcut */ = {
			isa = PBXGroup;
			children = (
				00B79A5E2D1415AA00DAE137 /* Shortcut.h */,
				00B79A632D1415AA00DAE137 /* User Defaults Storage */,
				00B79A6C2D1415AA00DAE137 /* UI */,
				00B79A712D1415AA00DAE137 /* Monitoring */,
				00B79A772D1415AA00DAE137 /* Model */,
			);
			path = MASShortcut;
			sourceTree = "<group>";
		};
		00B79A9A2D1415AA00DAE137 /* Resources */ = {
			isa = PBXGroup;
			children = (
				00B79A7F2D1415AA00DAE137 /* YLShortcutView.bundle */,
				00B79A892D1415AA00DAE137 /* YLShortcutView.strings */,
				00B79A992D1415AA00DAE137 /* MAShortcutLocalizable.strings */,
			);
			path = Resources;
			sourceTree = "<group>";
		};
		00B79A9B2D1415AA00DAE137 /* YLShortcutView */ = {
			isa = PBXGroup;
			children = (
				00B79A782D1415AA00DAE137 /* MASShortcut */,
				00B79A792D1415AA00DAE137 /* YLShortcutManager.h */,
				00B79A7A2D1415AA00DAE137 /* YLShortcutManager.m */,
				00B79A7B2D1415AA00DAE137 /* YLShortcutView.h */,
				00B79A7C2D1415AA00DAE137 /* YLShortcutView.m */,
				00B79A7D2D1415AA00DAE137 /* YLShortcutConfig.h */,
				00B79A7E2D1415AA00DAE137 /* YLShortcutConfig.m */,
				00B79A9A2D1415AA00DAE137 /* Resources */,
			);
			path = YLShortcutView;
			sourceTree = "<group>";
		};
		00B79A9E2D1415AA00DAE137 /* NSImageView */ = {
			isa = PBXGroup;
			children = (
				00A0F9B82D19AE400043E075 /* NSImageView+Category.swift */,
			);
			path = NSImageView;
			sourceTree = "<group>";
		};
		00B79AA12D1415AA00DAE137 /* NSResponder */ = {
			isa = PBXGroup;
			children = (
				00A0F9B62D18FC360043E075 /* NSResponder+Category.swift */,
			);
			path = NSResponder;
			sourceTree = "<group>";
		};
		00B79AA72D1415AA00DAE137 /* NSColor */ = {
			isa = PBXGroup;
			children = (
				00A0F9B22D1875980043E075 /* NSColor+Category.swift */,
			);
			path = NSColor;
			sourceTree = "<group>";
		};
		00B79AAE2D1415AA00DAE137 /* NSView */ = {
			isa = PBXGroup;
			children = (
				0080A4E92D04493500EEFEA2 /* NSView+Frame.swift */,
				00B79B322D15D5BF00DAE137 /* NSView+Gesture.swift */,
				00B79B342D15D5D200DAE137 /* NSView+Category.swift */,
			);
			path = NSView;
			sourceTree = "<group>";
		};
		00B79AB12D1415AA00DAE137 /* NSControl */ = {
			isa = PBXGroup;
			children = (
				00A0F9B02D1872180043E075 /* NSControl+Category.swift */,
			);
			path = NSControl;
			sourceTree = "<group>";
		};
		00B79AB82D1415AA00DAE137 /* Other */ = {
			isa = PBXGroup;
			children = (
				00B79B2F2D14F4A800DAE137 /* Macro.h */,
				00B79AB42D1415AA00DAE137 /* Macro.swift */,
				00B79AB52D1415AA00DAE137 /* YLLog.swift */,
				00B79AB62D1415AA00DAE137 /* XcodeLog.m */,
			);
			path = Other;
			sourceTree = "<group>";
		};
		00B79AC12D1415AA00DAE137 /* NSString */ = {
			isa = PBXGroup;
			children = (
				00A0F9C92D1A7DA10043E075 /* String+Secret.swift */,
				00A0F9CB2D1A7DB80043E075 /* String+Predicate.swift */,
				00A0F9CD2D1A7DC80043E075 /* String+Category.swift */,
			);
			path = NSString;
			sourceTree = "<group>";
		};
		00B79AC42D1415AA00DAE137 /* NSButton */ = {
			isa = PBXGroup;
			children = (
				00A0F9B42D18EC1C0043E075 /* NSButton+Category.swift */,
			);
			path = NSButton;
			sourceTree = "<group>";
		};
		00B79AC72D1415AA00DAE137 /* NSAlert */ = {
			isa = PBXGroup;
			children = (
				00A0F9C42D1A489F0043E075 /* NSAlert+Category.swift */,
			);
			path = NSAlert;
			sourceTree = "<group>";
		};
		00B79ACA2D1415AA00DAE137 /* NSObject */ = {
			isa = PBXGroup;
			children = (
				00E850652D1C581A00EBE080 /* NSObject+Event.swift */,
				00E850632D1C579A00EBE080 /* NSObject+Notification.swift */,
				00E850612D1C529A00EBE080 /* NSObject+KVO.swift */,
			);
			path = NSObject;
			sourceTree = "<group>";
		};
		00B79ACD2D1415AA00DAE137 /* NSTextField */ = {
			isa = PBXGroup;
			children = (
				00A0F9C02D19B9430043E075 /* NSTextField+Category.swift */,
			);
			path = NSTextField;
			sourceTree = "<group>";
		};
		00B79AD02D1415AA00DAE137 /* NSImage */ = {
			isa = PBXGroup;
			children = (
				00A0F9C22D19BB870043E075 /* NSImage+Category.swift */,
			);
			path = NSImage;
			sourceTree = "<group>";
		};
		00B79AD52D1415AA00DAE137 /* NSWindow */ = {
			isa = PBXGroup;
			children = (
				00A0F9BC2D19B40F0043E075 /* NSWindow+Frame.swift */,
				00A0F9BE2D19B41E0043E075 /* NSWindow+Category.swift */,
			);
			path = NSWindow;
			sourceTree = "<group>";
		};
		00B79AD82D1415AA00DAE137 /* NSScreen */ = {
			isa = PBXGroup;
			children = (
				00A0F9BA2D19B09E0043E075 /* NSScreen+Category.swift */,
			);
			path = NSScreen;
			sourceTree = "<group>";
		};
		00B79ADB2D1415AA00DAE137 /* NSDate */ = {
			isa = PBXGroup;
			children = (
				00A0F9CF2D1BE9B00043E075 /* NSDate+Category.swift */,
			);
			path = NSDate;
			sourceTree = "<group>";
		};
		00B79B2A2D14181600DAE137 /* YLTextField */ = {
			isa = PBXGroup;
			children = (
				00CFDB412D1D450C00EF4FA4 /* YLTextField.swift */,
			);
			path = YLTextField;
			sourceTree = "<group>";
		};
/* End PBXGroup section */

/* Begin PBXNativeTarget section */
		0080A4C82D0448EA00EEFEA2 /* YLCategory-Swift-MacOS */ = {
			isa = PBXNativeTarget;
			buildConfigurationList = 0080A4D82D0448EB00EEFEA2 /* Build configuration list for PBXNativeTarget "YLCategory-Swift-MacOS" */;
			buildPhases = (
				0080A4C52D0448EA00EEFEA2 /* Sources */,
				0080A4C62D0448EA00EEFEA2 /* Frameworks */,
				0080A4C72D0448EA00EEFEA2 /* Resources */,
			);
			buildRules = (
			);
			dependencies = (
			);
			name = "YLCategory-Swift-MacOS";
			packageProductDependencies = (
			);
			productName = "YLCategory-Swift-MacOS";
			productReference = 0080A4C92D0448EA00EEFEA2 /* YLCategory-Swift-MacOS.app */;
			productType = "com.apple.product-type.application";
		};
/* End PBXNativeTarget section */

/* Begin PBXProject section */
		0080A4C12D0448EA00EEFEA2 /* Project object */ = {
			isa = PBXProject;
			attributes = {
				BuildIndependentTargetsInParallel = 1;
				LastSwiftUpdateCheck = 1610;
				LastUpgradeCheck = 1610;
				TargetAttributes = {
					0080A4C82D0448EA00EEFEA2 = {
						CreatedOnToolsVersion = 16.1;
						LastSwiftMigration = 1620;
					};
				};
			};
			buildConfigurationList = 0080A4C42D0448EA00EEFEA2 /* Build configuration list for PBXProject "YLCategory-Swift-MacOS" */;
			developmentRegion = en;
			hasScannedForEncodings = 0;
			knownRegions = (
				en,
				Base,
				"zh-Hans",
				"zh-Hant",
				fr,
				de,
				ja,
				ko,
				pt,
				es,
				cs,
				it,
				nl,
				pl,
				ru,
				sv,
			);
			mainGroup = 0080A4C02D0448EA00EEFEA2;
			minimizedProjectReferenceProxies = 1;
			preferredProjectObjectVersion = 77;
			productRefGroup = 0080A4CA2D0448EA00EEFEA2 /* Products */;
			projectDirPath = "";
			projectRoot = "";
			targets = (
				0080A4C82D0448EA00EEFEA2 /* YLCategory-Swift-MacOS */,
			);
		};
/* End PBXProject section */

/* Begin PBXResourcesBuildPhase section */
		0080A4C72D0448EA00EEFEA2 /* Resources */ = {
			isa = PBXResourcesBuildPhase;
			buildActionMask = 2147483647;
			files = (
				0080A4E42D04490300EEFEA2 /* Assets.xcassets in Resources */,
				00B79ADC2D1415AB00DAE137 /* YLLanguage.strings in Resources */,
				00B79ADD2D1415AB00DAE137 /* MAShortcutLocalizable.strings in Resources */,
				00B79ADE2D1415AB00DAE137 /* YLPermissionManager.bundle in Resources */,
				00B79ADF2D1415AB00DAE137 /* YLUpdateManager.strings in Resources */,
				00B79AE02D1415AB00DAE137 /* YLShortcutView.bundle in Resources */,
				00B79AE12D1415AB00DAE137 /* YLAppleScript.strings in Resources */,
				00B79AE22D1415AB00DAE137 /* YLHud.bundle in Resources */,
				00B79AE32D1415AB00DAE137 /* YLFileAccess.strings in Resources */,
				00B79AE42D1415AB00DAE137 /* YLShortcutView.strings in Resources */,
				00B79AE52D1415AB00DAE137 /* YLPermissionManager.strings in Resources */,
				0080A4E52D04490300EEFEA2 /* Main.storyboard in Resources */,
			);
			runOnlyForDeploymentPostprocessing = 0;
		};
/* End PBXResourcesBuildPhase section */

/* Begin PBXSourcesBuildPhase section */
		0080A4C52D0448EA00EEFEA2 /* Sources */ = {
			isa = PBXSourcesBuildPhase;
			buildActionMask = 2147483647;
			files = (
				0080A4E22D04490300EEFEA2 /* AppDelegate.swift in Sources */,
				0080A4EC2D044A8E00EEFEA2 /* NSView+Frame.swift in Sources */,
				00B79AE62D1415AB00DAE137 /* MASShortcutViewButtonCell.m in Sources */,
				00B79B352D15D5D200DAE137 /* NSView+Category.swift in Sources */,
				00B79AE92D1415AB00DAE137 /* YLUpdateViewController.m in Sources */,
				00A0F9CC2D1A7DB80043E075 /* String+Predicate.swift in Sources */,
				00CFDB462D1D502E00EF4FA4 /* YLLanguage.swift in Sources */,
				00CFDB3E2D1D369600EF4FA4 /* YLAppleReview.swift in Sources */,
				00CFDB4E2D1E3AB200EF4FA4 /* YLWindowOperateView.swift in Sources */,
				00B79AED2D1415AB00DAE137 /* YLCFNotificationManager.m in Sources */,
				00B79AEE2D1415AB00DAE137 /* Macro.swift in Sources */,
				00B79AEF2D1415AB00DAE137 /* MASLocalization.m in Sources */,
				00B79AF02D1415AB00DAE137 /* YLFileAccess.m in Sources */,
				00B79AF22D1415AB00DAE137 /* YLShortcutView.m in Sources */,
				00B79AF32D1415AB00DAE137 /* XcodeLog.m in Sources */,
				00CFDB402D1D3AFC00EF4FA4 /* YLFlipView.swift in Sources */,
				00B79AF42D1415AB00DAE137 /* YLShortcutManager.m in Sources */,
				00E850622D1C529A00EBE080 /* NSObject+KVO.swift in Sources */,
				00A0F9B72D18FC360043E075 /* NSResponder+Category.swift in Sources */,
				00B79AF82D1415AB00DAE137 /* YLPermissionWindowController.m in Sources */,
				00B79AFA2D1415AB00DAE137 /* MASShortcutMonitor.m in Sources */,
				00B79B332D15D5C000DAE137 /* NSView+Gesture.swift in Sources */,
				00B79AFD2D1415AB00DAE137 /* MASShortcutBinder.m in Sources */,
				00A0F9B32D1875980043E075 /* NSColor+Category.swift in Sources */,
				00B79AFE2D1415AB00DAE137 /* YLUpdateManager.m in Sources */,
				00A0F9BD2D19B40F0043E075 /* NSWindow+Frame.swift in Sources */,
				00A0F9CE2D1A7DC80043E075 /* String+Category.swift in Sources */,
				00A0F9C32D19BB870043E075 /* NSImage+Category.swift in Sources */,
				00CFDB4A2D1D8E5200EF4FA4 /* YLUserDefaults.swift in Sources */,
				00A0F9C12D19B9430043E075 /* NSTextField+Category.swift in Sources */,
				00A0F9B92D19AE400043E075 /* NSImageView+Category.swift in Sources */,
				00A0F9B52D18EC1C0043E075 /* NSButton+Category.swift in Sources */,
				00B79B032D1415AB00DAE137 /* YLHudConfig.m in Sources */,
				00B79B042D1415AB00DAE137 /* MASDictionaryTransformer.m in Sources */,
				00B79B062D1415AB00DAE137 /* MASHotKey.m in Sources */,
				00B79B072D1415AB00DAE137 /* YLHudProgressView.m in Sources */,
				00CFDB442D1D486400EF4FA4 /* YLControl.swift in Sources */,
				00B79B082D1415AB00DAE137 /* YLPermissionItem.m in Sources */,
				00E850642D1C579A00EBE080 /* NSObject+Notification.swift in Sources */,
				00A0F9C82D1A673E0043E075 /* Async.swift in Sources */,
				00B79B0B2D1415AB00DAE137 /* YLShortcutConfig.m in Sources */,
				00A0F9D02D1BE9B00043E075 /* NSDate+Category.swift in Sources */,
				00B79B0F2D1415AB00DAE137 /* AppSandboxFileAccess.m in Sources */,
				00B79B112D1415AB00DAE137 /* AppSandboxFileAccessPersist.m in Sources */,
				00CFDB4C2D1E3A9B00EF4FA4 /* YLWindowButton.swift in Sources */,
				00B79B132D1415AB00DAE137 /* YLPermissionViewController.m in Sources */,
				00B79B142D1415AB00DAE137 /* MASShortcutValidator.m in Sources */,
				00B79B152D1415AB00DAE137 /* YLCollectionView.m in Sources */,
				00B79B172D1415AB00DAE137 /* MASShortcut.m in Sources */,
				00B79B192D1415AB00DAE137 /* MASShortcutView+Bindings.m in Sources */,
				00B79B1B2D1415AB00DAE137 /* YLHudContentView.m in Sources */,
				00A0F9BB2D19B09E0043E075 /* NSScreen+Category.swift in Sources */,
				00CFDB482D1D504D00EF4FA4 /* YLLanguageModel.swift in Sources */,
				00A0F9B12D1872180043E075 /* NSControl+Category.swift in Sources */,
				00B79B1E2D1415AB00DAE137 /* YLAppleScript.m in Sources */,
				00B79B1F2D1415AB00DAE137 /* AppSandboxFileAccessOpenSavePanelDelegate.m in Sources */,
				00A0F9CA2D1A7DA10043E075 /* String+Secret.swift in Sources */,
				00B79B212D1415AB00DAE137 /* YLLog.swift in Sources */,
				00A0F9BF2D19B41E0043E075 /* NSWindow+Category.swift in Sources */,
				00B79B222D1415AB00DAE137 /* YLHud.m in Sources */,
				00B79B262D1415AB00DAE137 /* YLPermissionManager.m in Sources */,
				00E8506A2D1D1E9C00EBE080 /* YLAppRating.swift in Sources */,
				00B79B272D1415AB00DAE137 /* YLPermissionModel.m in Sources */,
				00B79B282D1415AB00DAE137 /* MASShortcutView.m in Sources */,
				00E850662D1C581A00EBE080 /* NSObject+Event.swift in Sources */,
				00CFDB422D1D450C00EF4FA4 /* YLTextField.swift in Sources */,
				00B79B292D1415AB00DAE137 /* YLUpdateWindowController.m in Sources */,
				0080A4E32D04490300EEFEA2 /* ViewController.swift in Sources */,
				00A0F9C52D1A489F0043E075 /* NSAlert+Category.swift in Sources */,
			);
			runOnlyForDeploymentPostprocessing = 0;
		};
/* End PBXSourcesBuildPhase section */

/* Begin PBXVariantGroup section */
		0080A4DE2D04490300EEFEA2 /* Main.storyboard */ = {
			isa = PBXVariantGroup;
			children = (
				0080A4DD2D04490300EEFEA2 /* Base */,
			);
			name = Main.storyboard;
			sourceTree = "<group>";
		};
		00B799E92D1415AA00DAE137 /* YLFileAccess.strings */ = {
			isa = PBXVariantGroup;
			children = (
				00B799E02D1415AA00DAE137 /* YLFileAccess.strings */,
				00B799E12D1415AA00DAE137 /* YLFileAccess.strings */,
				00B799E22D1415AA00DAE137 /* YLFileAccess.strings */,
				00B799E32D1415AA00DAE137 /* YLFileAccess.strings */,
				00B799E42D1415AA00DAE137 /* YLFileAccess.strings */,
				00B799E52D1415AA00DAE137 /* YLFileAccess.strings */,
				00B799E62D1415AA00DAE137 /* YLFileAccess.strings */,
				00B799E72D1415AA00DAE137 /* YLFileAccess.strings */,
				00B799E82D1415AA00DAE137 /* YLFileAccess.strings */,
			);
			name = YLFileAccess.strings;
			sourceTree = "<group>";
		};
		00B799FB2D1415AA00DAE137 /* YLUpdateManager.strings */ = {
			isa = PBXVariantGroup;
			children = (
				00B799F22D1415AA00DAE137 /* YLUpdateManager.strings */,
				00B799F32D1415AA00DAE137 /* YLUpdateManager.strings */,
				00B799F42D1415AA00DAE137 /* YLUpdateManager.strings */,
				00B799F52D1415AA00DAE137 /* YLUpdateManager.strings */,
				00B799F62D1415AA00DAE137 /* YLUpdateManager.strings */,
				00B799F72D1415AA00DAE137 /* YLUpdateManager.strings */,
				00B799F82D1415AA00DAE137 /* YLUpdateManager.strings */,
				00B799F92D1415AA00DAE137 /* YLUpdateManager.strings */,
				00B799FA2D1415AA00DAE137 /* YLUpdateManager.strings */,
			);
			name = YLUpdateManager.strings;
			sourceTree = "<group>";
		};
		00B79A1E2D1415AA00DAE137 /* YLLanguage.strings */ = {
			isa = PBXVariantGroup;
			children = (
				00B79A152D1415AA00DAE137 /* YLLanguage.strings */,
				00B79A162D1415AA00DAE137 /* YLLanguage.strings */,
				00B79A172D1415AA00DAE137 /* YLLanguage.strings */,
				00B79A182D1415AA00DAE137 /* YLLanguage.strings */,
				00B79A192D1415AA00DAE137 /* YLLanguage.strings */,
				00B79A1A2D1415AA00DAE137 /* YLLanguage.strings */,
				00B79A1B2D1415AA00DAE137 /* YLLanguage.strings */,
				00B79A1C2D1415AA00DAE137 /* YLLanguage.strings */,
				00B79A1D2D1415AA00DAE137 /* YLLanguage.strings */,
			);
			name = YLLanguage.strings;
			sourceTree = "<group>";
		};
		00B79A352D1415AA00DAE137 /* YLPermissionManager.strings */ = {
			isa = PBXVariantGroup;
			children = (
				00B79A2C2D1415AA00DAE137 /* YLPermissionManager.strings */,
				00B79A2D2D1415AA00DAE137 /* YLPermissionManager.strings */,
				00B79A2E2D1415AA00DAE137 /* YLPermissionManager.strings */,
				00B79A2F2D1415AA00DAE137 /* YLPermissionManager.strings */,
				00B79A302D1415AA00DAE137 /* YLPermissionManager.strings */,
				00B79A312D1415AA00DAE137 /* YLPermissionManager.strings */,
				00B79A322D1415AA00DAE137 /* YLPermissionManager.strings */,
				00B79A332D1415AA00DAE137 /* YLPermissionManager.strings */,
				00B79A342D1415AA00DAE137 /* YLPermissionManager.strings */,
			);
			name = YLPermissionManager.strings;
			sourceTree = "<group>";
		};
		00B79A4F2D1415AA00DAE137 /* YLAppleScript.strings */ = {
			isa = PBXVariantGroup;
			children = (
				00B79A462D1415AA00DAE137 /* YLAppleScript.strings */,
				00B79A472D1415AA00DAE137 /* YLAppleScript.strings */,
				00B79A482D1415AA00DAE137 /* YLAppleScript.strings */,
				00B79A492D1415AA00DAE137 /* YLAppleScript.strings */,
				00B79A4A2D1415AA00DAE137 /* YLAppleScript.strings */,
				00B79A4B2D1415AA00DAE137 /* YLAppleScript.strings */,
				00B79A4C2D1415AA00DAE137 /* YLAppleScript.strings */,
				00B79A4D2D1415AA00DAE137 /* YLAppleScript.strings */,
				00B79A4E2D1415AA00DAE137 /* YLAppleScript.strings */,
			);
			name = YLAppleScript.strings;
			sourceTree = "<group>";
		};
		00B79A892D1415AA00DAE137 /* YLShortcutView.strings */ = {
			isa = PBXVariantGroup;
			children = (
				00B79A802D1415AA00DAE137 /* YLShortcutView.strings */,
				00B79A812D1415AA00DAE137 /* YLShortcutView.strings */,
				00B79A822D1415AA00DAE137 /* YLShortcutView.strings */,
				00B79A832D1415AA00DAE137 /* YLShortcutView.strings */,
				00B79A842D1415AA00DAE137 /* YLShortcutView.strings */,
				00B79A852D1415AA00DAE137 /* YLShortcutView.strings */,
				00B79A862D1415AA00DAE137 /* YLShortcutView.strings */,
				00B79A872D1415AA00DAE137 /* YLShortcutView.strings */,
				00B79A882D1415AA00DAE137 /* YLShortcutView.strings */,
			);
			name = YLShortcutView.strings;
			sourceTree = "<group>";
		};
		00B79A992D1415AA00DAE137 /* MAShortcutLocalizable.strings */ = {
			isa = PBXVariantGroup;
			children = (
				00B79A8A2D1415AA00DAE137 /* MAShortcutLocalizable.strings */,
				00B79A8B2D1415AA00DAE137 /* MAShortcutLocalizable.strings */,
				00B79A8C2D1415AA00DAE137 /* MAShortcutLocalizable.strings */,
				00B79A8D2D1415AA00DAE137 /* MAShortcutLocalizable.strings */,
				00B79A8E2D1415AA00DAE137 /* MAShortcutLocalizable.strings */,
				00B79A8F2D1415AA00DAE137 /* MAShortcutLocalizable.strings */,
				00B79A902D1415AA00DAE137 /* MAShortcutLocalizable.strings */,
				00B79A912D1415AA00DAE137 /* MAShortcutLocalizable.strings */,
				00B79A922D1415AA00DAE137 /* MAShortcutLocalizable.strings */,
				00B79A932D1415AA00DAE137 /* MAShortcutLocalizable.strings */,
				00B79A942D1415AA00DAE137 /* MAShortcutLocalizable.strings */,
				00B79A952D1415AA00DAE137 /* MAShortcutLocalizable.strings */,
				00B79A962D1415AA00DAE137 /* MAShortcutLocalizable.strings */,
				00B79A972D1415AA00DAE137 /* MAShortcutLocalizable.strings */,
				00B79A982D1415AA00DAE137 /* MAShortcutLocalizable.strings */,
			);
			name = MAShortcutLocalizable.strings;
			sourceTree = "<group>";
		};
/* End PBXVariantGroup section */

/* Begin XCBuildConfiguration section */
		0080A4D62D0448EB00EEFEA2 /* Debug */ = {
			isa = XCBuildConfiguration;
			buildSettings = {
				ALWAYS_SEARCH_USER_PATHS = NO;
				ASSETCATALOG_COMPILER_GENERATE_SWIFT_ASSET_SYMBOL_EXTENSIONS = YES;
				CLANG_ANALYZER_NONNULL = YES;
				CLANG_ANALYZER_NUMBER_OBJECT_CONVERSION = YES_AGGRESSIVE;
				CLANG_CXX_LANGUAGE_STANDARD = "gnu++20";
				CLANG_ENABLE_MODULES = YES;
				CLANG_ENABLE_OBJC_ARC = YES;
				CLANG_ENABLE_OBJC_WEAK = YES;
				CLANG_WARN_BLOCK_CAPTURE_AUTORELEASING = YES;
				CLANG_WARN_BOOL_CONVERSION = YES;
				CLANG_WARN_COMMA = YES;
				CLANG_WARN_CONSTANT_CONVERSION = YES;
				CLANG_WARN_DEPRECATED_OBJC_IMPLEMENTATIONS = YES;
				CLANG_WARN_DIRECT_OBJC_ISA_USAGE = YES_ERROR;
				CLANG_WARN_DOCUMENTATION_COMMENTS = YES;
				CLANG_WARN_EMPTY_BODY = YES;
				CLANG_WARN_ENUM_CONVERSION = YES;
				CLANG_WARN_INFINITE_RECURSION = YES;
				CLANG_WARN_INT_CONVERSION = YES;
				CLANG_WARN_NON_LITERAL_NULL_CONVERSION = YES;
				CLANG_WARN_OBJC_IMPLICIT_RETAIN_SELF = YES;
				CLANG_WARN_OBJC_LITERAL_CONVERSION = YES;
				CLANG_WARN_OBJC_ROOT_CLASS = YES_ERROR;
				CLANG_WARN_QUOTED_INCLUDE_IN_FRAMEWORK_HEADER = YES;
				CLANG_WARN_RANGE_LOOP_ANALYSIS = YES;
				CLANG_WARN_STRICT_PROTOTYPES = YES;
				CLANG_WARN_SUSPICIOUS_MOVE = YES;
				CLANG_WARN_UNGUARDED_AVAILABILITY = YES_AGGRESSIVE;
				CLANG_WARN_UNREACHABLE_CODE = YES;
				CLANG_WARN__DUPLICATE_METHOD_MATCH = YES;
				COPY_PHASE_STRIP = NO;
				DEBUG_INFORMATION_FORMAT = dwarf;
				ENABLE_STRICT_OBJC_MSGSEND = YES;
				ENABLE_TESTABILITY = YES;
				ENABLE_USER_SCRIPT_SANDBOXING = YES;
				GCC_C_LANGUAGE_STANDARD = gnu17;
				GCC_DYNAMIC_NO_PIC = NO;
				GCC_NO_COMMON_BLOCKS = YES;
				GCC_OPTIMIZATION_LEVEL = 0;
				GCC_PREPROCESSOR_DEFINITIONS = (
					"DEBUG=1",
					"$(inherited)",
				);
				GCC_WARN_64_TO_32_BIT_CONVERSION = YES;
				GCC_WARN_ABOUT_RETURN_TYPE = YES_ERROR;
				GCC_WARN_UNDECLARED_SELECTOR = YES;
				GCC_WARN_UNINITIALIZED_AUTOS = YES_AGGRESSIVE;
				GCC_WARN_UNUSED_FUNCTION = YES;
				GCC_WARN_UNUSED_VARIABLE = YES;
				LOCALIZATION_PREFERS_STRING_CATALOGS = YES;
				MACOSX_DEPLOYMENT_TARGET = 15.1;
				MTL_ENABLE_DEBUG_INFO = INCLUDE_SOURCE;
				MTL_FAST_MATH = YES;
				ONLY_ACTIVE_ARCH = YES;
				SDKROOT = macosx;
				SWIFT_ACTIVE_COMPILATION_CONDITIONS = "DEBUG $(inherited)";
				SWIFT_OPTIMIZATION_LEVEL = "-Onone";
			};
			name = Debug;
		};
		0080A4D72D0448EB00EEFEA2 /* Release */ = {
			isa = XCBuildConfiguration;
			buildSettings = {
				ALWAYS_SEARCH_USER_PATHS = NO;
				ASSETCATALOG_COMPILER_GENERATE_SWIFT_ASSET_SYMBOL_EXTENSIONS = YES;
				CLANG_ANALYZER_NONNULL = YES;
				CLANG_ANALYZER_NUMBER_OBJECT_CONVERSION = YES_AGGRESSIVE;
				CLANG_CXX_LANGUAGE_STANDARD = "gnu++20";
				CLANG_ENABLE_MODULES = YES;
				CLANG_ENABLE_OBJC_ARC = YES;
				CLANG_ENABLE_OBJC_WEAK = YES;
				CLANG_WARN_BLOCK_CAPTURE_AUTORELEASING = YES;
				CLANG_WARN_BOOL_CONVERSION = YES;
				CLANG_WARN_COMMA = YES;
				CLANG_WARN_CONSTANT_CONVERSION = YES;
				CLANG_WARN_DEPRECATED_OBJC_IMPLEMENTATIONS = YES;
				CLANG_WARN_DIRECT_OBJC_ISA_USAGE = YES_ERROR;
				CLANG_WARN_DOCUMENTATION_COMMENTS = YES;
				CLANG_WARN_EMPTY_BODY = YES;
				CLANG_WARN_ENUM_CONVERSION = YES;
				CLANG_WARN_INFINITE_RECURSION = YES;
				CLANG_WARN_INT_CONVERSION = YES;
				CLANG_WARN_NON_LITERAL_NULL_CONVERSION = YES;
				CLANG_WARN_OBJC_IMPLICIT_RETAIN_SELF = YES;
				CLANG_WARN_OBJC_LITERAL_CONVERSION = YES;
				CLANG_WARN_OBJC_ROOT_CLASS = YES_ERROR;
				CLANG_WARN_QUOTED_INCLUDE_IN_FRAMEWORK_HEADER = YES;
				CLANG_WARN_RANGE_LOOP_ANALYSIS = YES;
				CLANG_WARN_STRICT_PROTOTYPES = YES;
				CLANG_WARN_SUSPICIOUS_MOVE = YES;
				CLANG_WARN_UNGUARDED_AVAILABILITY = YES_AGGRESSIVE;
				CLANG_WARN_UNREACHABLE_CODE = YES;
				CLANG_WARN__DUPLICATE_METHOD_MATCH = YES;
				COPY_PHASE_STRIP = NO;
				DEBUG_INFORMATION_FORMAT = "dwarf-with-dsym";
				ENABLE_NS_ASSERTIONS = NO;
				ENABLE_STRICT_OBJC_MSGSEND = YES;
				ENABLE_USER_SCRIPT_SANDBOXING = YES;
				GCC_C_LANGUAGE_STANDARD = gnu17;
				GCC_NO_COMMON_BLOCKS = YES;
				GCC_WARN_64_TO_32_BIT_CONVERSION = YES;
				GCC_WARN_ABOUT_RETURN_TYPE = YES_ERROR;
				GCC_WARN_UNDECLARED_SELECTOR = YES;
				GCC_WARN_UNINITIALIZED_AUTOS = YES_AGGRESSIVE;
				GCC_WARN_UNUSED_FUNCTION = YES;
				GCC_WARN_UNUSED_VARIABLE = YES;
				LOCALIZATION_PREFERS_STRING_CATALOGS = YES;
				MACOSX_DEPLOYMENT_TARGET = 15.1;
				MTL_ENABLE_DEBUG_INFO = NO;
				MTL_FAST_MATH = YES;
				SDKROOT = macosx;
				SWIFT_COMPILATION_MODE = wholemodule;
			};
			name = Release;
		};
		0080A4D92D0448EB00EEFEA2 /* Debug */ = {
			isa = XCBuildConfiguration;
			buildSettings = {
				ASSETCATALOG_COMPILER_APPICON_NAME = AppIcon;
				ASSETCATALOG_COMPILER_GLOBAL_ACCENT_COLOR_NAME = AccentColor;
				CLANG_ENABLE_MODULES = YES;
				CODE_SIGN_ENTITLEMENTS = "YLCategory-Swift-Demo/YLCategory_Swift_MacOS.entitlements";
				CODE_SIGN_STYLE = Automatic;
				COMBINE_HIDPI_IMAGES = YES;
				CURRENT_PROJECT_VERSION = 2024121901;
				DEVELOPMENT_TEAM = 87LJF62PN6;
				ENABLE_HARDENED_RUNTIME = YES;
				GENERATE_INFOPLIST_FILE = YES;
				INFOPLIST_KEY_NSHumanReadableCopyright = "";
				INFOPLIST_KEY_NSMainStoryboardFile = Main;
				INFOPLIST_KEY_NSPrincipalClass = NSApplication;
				LD_RUNPATH_SEARCH_PATHS = (
					"$(inherited)",
					"@executable_path/../Frameworks",
				);
				MACOSX_DEPLOYMENT_TARGET = 10.14;
				MARKETING_VERSION = 1.0.1;
				PRODUCT_BUNDLE_IDENTIFIER = "com.wyl.YLCategory-Swift-MacOS";
				PRODUCT_NAME = "$(TARGET_NAME)";
				SWIFT_EMIT_LOC_STRINGS = YES;
				SWIFT_OBJC_BRIDGING_HEADER = "YLCategory-Swift-Demo/YLCategory-Swift-MacOS-Bridging-Header.h";
				SWIFT_OPTIMIZATION_LEVEL = "-Onone";
				SWIFT_VERSION = 5.0;
			};
			name = Debug;
		};
		0080A4DA2D0448EB00EEFEA2 /* Release */ = {
			isa = XCBuildConfiguration;
			buildSettings = {
				ASSETCATALOG_COMPILER_APPICON_NAME = AppIcon;
				ASSETCATALOG_COMPILER_GLOBAL_ACCENT_COLOR_NAME = AccentColor;
				CLANG_ENABLE_MODULES = YES;
				CODE_SIGN_ENTITLEMENTS = "YLCategory-Swift-Demo/YLCategory_Swift_MacOS.entitlements";
				CODE_SIGN_STYLE = Automatic;
				COMBINE_HIDPI_IMAGES = YES;
				CURRENT_PROJECT_VERSION = 2024121901;
				DEVELOPMENT_TEAM = 87LJF62PN6;
				ENABLE_HARDENED_RUNTIME = YES;
				GENERATE_INFOPLIST_FILE = YES;
				INFOPLIST_KEY_NSHumanReadableCopyright = "";
				INFOPLIST_KEY_NSMainStoryboardFile = Main;
				INFOPLIST_KEY_NSPrincipalClass = NSApplication;
				LD_RUNPATH_SEARCH_PATHS = (
					"$(inherited)",
					"@executable_path/../Frameworks",
				);
				MACOSX_DEPLOYMENT_TARGET = 10.14;
				MARKETING_VERSION = 1.0.1;
				PRODUCT_BUNDLE_IDENTIFIER = "com.wyl.YLCategory-Swift-MacOS";
				PRODUCT_NAME = "$(TARGET_NAME)";
				SWIFT_EMIT_LOC_STRINGS = YES;
				SWIFT_OBJC_BRIDGING_HEADER = "YLCategory-Swift-Demo/YLCategory-Swift-MacOS-Bridging-Header.h";
				SWIFT_VERSION = 5.0;
			};
			name = Release;
		};
/* End XCBuildConfiguration section */

/* Begin XCConfigurationList section */
		0080A4C42D0448EA00EEFEA2 /* Build configuration list for PBXProject "YLCategory-Swift-MacOS" */ = {
			isa = XCConfigurationList;
			buildConfigurations = (
				0080A4D62D0448EB00EEFEA2 /* Debug */,
				0080A4D72D0448EB00EEFEA2 /* Release */,
			);
			defaultConfigurationIsVisible = 0;
			defaultConfigurationName = Release;
		};
		0080A4D82D0448EB00EEFEA2 /* Build configuration list for PBXNativeTarget "YLCategory-Swift-MacOS" */ = {
			isa = XCConfigurationList;
			buildConfigurations = (
				0080A4D92D0448EB00EEFEA2 /* Debug */,
				0080A4DA2D0448EB00EEFEA2 /* Release */,
			);
			defaultConfigurationIsVisible = 0;
			defaultConfigurationName = Release;
		};
/* End XCConfigurationList section */
	};
	rootObject = 0080A4C12D0448EA00EEFEA2 /* Project object */;
}
